{
  "object": {
    "pins": [
      {
        "package": "TmdbAPI",
        "repositoryURL": "https://github.com/vegiwoo/TmdbAPI.git",
        "state": {
          "branch": null,
          "revision": "7e586d7327264849602dea8afd537e7c79645137",
          "version": "0.0.9"
        }
      }
    ]
  },
  "version": 1
}
