{
  "object": {
    "pins": [
      {
        "package": "TmdbAPI",
        "repositoryURL": "https://github.com/vegiwoo/TmdbAPI.git",
        "state": {
          "branch": null,
          "revision": "15d3e9bf431d28286607a64755523b2612bafdbd",
          "version": "0.0.21"
        }
      }
    ]
  },
  "version": 1
}
