// !$*UTF8*$!
{
	archiveVersion = 1;
	classes = {
	};
	objectVersion = 52;
	objects = {

/* Begin PBXBuildFile section */
		7707D80C2610E8C000F0E733 /* PosterOrBackDropScreen.swift in Sources */ = {isa = PBXBuildFile; fileRef = 7707D80B2610E8C000F0E733 /* PosterOrBackDropScreen.swift */; };
		772080482606309200B7A422 /* OmdbAPI in Frameworks */ = {isa = PBXBuildFile; productRef = 772080472606309200B7A422 /* OmdbAPI */; };
		7720804A2606309600B7A422 /* TmdbAPI in Frameworks */ = {isa = PBXBuildFile; productRef = 772080492606309600B7A422 /* TmdbAPI */; };
		7720804C2606309900B7A422 /* UIControls in Frameworks */ = {isa = PBXBuildFile; productRef = 7720804B2606309900B7A422 /* UIControls */; };
		7744382126014DC90024D53E /* NetworkService.swift in Sources */ = {isa = PBXBuildFile; fileRef = 7744382026014DC90024D53E /* NetworkService.swift */; };
		7744382426014EDC0024D53E /* DataStorageService.swift in Sources */ = {isa = PBXBuildFile; fileRef = 7744382326014EDC0024D53E /* DataStorageService.swift */; };
		7752F91925F2B5D300DBE89B /* MainScreen.swift in Sources */ = {isa = PBXBuildFile; fileRef = 7752F91825F2B5D300DBE89B /* MainScreen.swift */; };
		7752F91D25F3727700DBE89B /* MovieDetailScreen01.swift in Sources */ = {isa = PBXBuildFile; fileRef = 7752F91C25F3727700DBE89B /* MovieDetailScreen01.swift */; };
		7752F94325F3CC9000DBE89B /* MapView.swift in Sources */ = {isa = PBXBuildFile; fileRef = 7752F94225F3CC9000DBE89B /* MapView.swift */; };
		7752F96725F4CC4200DBE89B /* NavigationLink + Ext.swift in Sources */ = {isa = PBXBuildFile; fileRef = 7752F96625F4CC4200DBE89B /* NavigationLink + Ext.swift */; };
		7752F96A25F4CC8200DBE89B /* View + Ext.swift in Sources */ = {isa = PBXBuildFile; fileRef = 7752F96925F4CC8200DBE89B /* View + Ext.swift */; };
		7758CEDE25F2586700F7064B /* AppViewModel.swift in Sources */ = {isa = PBXBuildFile; fileRef = 7758CEDD25F2586700F7064B /* AppViewModel.swift */; };
		7758CEE225F2596400F7064B /* AppState.swift in Sources */ = {isa = PBXBuildFile; fileRef = 7758CEE125F2596400F7064B /* AppState.swift */; };
		777F4E4F2610A11C000A7A87 /* MovieView.swift in Sources */ = {isa = PBXBuildFile; fileRef = 777F4E4E2610A11C000A7A87 /* MovieView.swift */; };
		7783BF7626089A0D003EC0F4 /* MovieCell.swift in Sources */ = {isa = PBXBuildFile; fileRef = 7783BF7526089A0D003EC0F4 /* MovieCell.swift */; };
		7783BF792608A4AE003EC0F4 /* SearchBar.swift in Sources */ = {isa = PBXBuildFile; fileRef = 7783BF782608A4AE003EC0F4 /* SearchBar.swift */; };
		77848DEA25F7BCF8004DBB1A /* NavigationStack.swift in Sources */ = {isa = PBXBuildFile; fileRef = 77848DE925F7BCF8004DBB1A /* NavigationStack.swift */; };
		778875AA25FE545400B317B1 /* MoveToMoviesModel.xcdatamodeld in Sources */ = {isa = PBXBuildFile; fileRef = 778875A825FE545400B317B1 /* MoveToMoviesModel.xcdatamodeld */; };
		778875AE25FE5C8500B317B1 /* BaseView.swift in Sources */ = {isa = PBXBuildFile; fileRef = 778875AD25FE5C8500B317B1 /* BaseView.swift */; };
		778875CF25FFB3E500B317B1 /* String + Ext.swift in Sources */ = {isa = PBXBuildFile; fileRef = 778875CE25FFB3E500B317B1 /* String + Ext.swift */; };
		778875D225FFC22500B317B1 /* UIImage + Ext.swift in Sources */ = {isa = PBXBuildFile; fileRef = 778875D125FFC22500B317B1 /* UIImage + Ext.swift */; };
		778875D92600CCC800B317B1 /* MappingModelV1toV2.xcmappingmodel in Sources */ = {isa = PBXBuildFile; fileRef = 778875D82600CCC800B317B1 /* MappingModelV1toV2.xcmappingmodel */; };
		779067762609F0CC00BB7765 /* Collection + Ext.swift in Sources */ = {isa = PBXBuildFile; fileRef = 779067752609F0CC00BB7765 /* Collection + Ext.swift */; };
		779067792609F59B00BB7765 /* ClearSearchView.swift in Sources */ = {isa = PBXBuildFile; fileRef = 779067782609F59B00BB7765 /* ClearSearchView.swift */; };
		77A67F8925F0DC82005CB877 /* MoveToMoviesApp.swift in Sources */ = {isa = PBXBuildFile; fileRef = 77A67F8825F0DC82005CB877 /* MoveToMoviesApp.swift */; };
		77A67F8B25F0DC82005CB877 /* PopularMoviesScreen.swift in Sources */ = {isa = PBXBuildFile; fileRef = 77A67F8A25F0DC82005CB877 /* PopularMoviesScreen.swift */; };
		77A67F8D25F0DC83005CB877 /* Assets.xcassets in Resources */ = {isa = PBXBuildFile; fileRef = 77A67F8C25F0DC83005CB877 /* Assets.xcassets */; };
		77A67F9025F0DC83005CB877 /* Preview Assets.xcassets in Resources */ = {isa = PBXBuildFile; fileRef = 77A67F8F25F0DC83005CB877 /* Preview Assets.xcassets */; };
		77B55DA025FD26F700F5B0B2 /* TabbarTab.swift in Sources */ = {isa = PBXBuildFile; fileRef = 77B55D9F25FD26F700F5B0B2 /* TabbarTab.swift */; };
		77B55DA325FD284C00F5B0B2 /* TabbarViewModel.swift in Sources */ = {isa = PBXBuildFile; fileRef = 77B55DA225FD284C00F5B0B2 /* TabbarViewModel.swift */; };
		77B55DAB25FD2A8C00F5B0B2 /* Transition + Ext.swift in Sources */ = {isa = PBXBuildFile; fileRef = 77B55DAA25FD2A8C00F5B0B2 /* Transition + Ext.swift */; };
		77CC323B25FD3926000A6EA0 /* MovieSearchScreen.swift in Sources */ = {isa = PBXBuildFile; fileRef = 77CC323A25FD3926000A6EA0 /* MovieSearchScreen.swift */; };
		77CC324825FE1BDA000A6EA0 /* MovieSearchScreenViewModel.swift in Sources */ = {isa = PBXBuildFile; fileRef = 77CC324725FE1BDA000A6EA0 /* MovieSearchScreenViewModel.swift */; };
		77F70C9D2610E1B2003E0271 /* PosterAndBackDropScreen.swift in Sources */ = {isa = PBXBuildFile; fileRef = 77F70C9C2610E1B2003E0271 /* PosterAndBackDropScreen.swift */; };
		77F8BAD3260F8DA600D85E4A /* MovieDetailScreen.swift in Sources */ = {isa = PBXBuildFile; fileRef = 77F8BAD2260F8DA600D85E4A /* MovieDetailScreen.swift */; };
		77F8BADE260F9B5200D85E4A /* Navigation in Frameworks */ = {isa = PBXBuildFile; productRef = 77F8BADD260F9B5200D85E4A /* Navigation */; };
		77F8BAE1260F9CCF00D85E4A /* MovieSearchScreenContent.swift in Sources */ = {isa = PBXBuildFile; fileRef = 77F8BAE0260F9CCF00D85E4A /* MovieSearchScreenContent.swift */; };
		77FB1D812606212700C4CD94 /* PopularMovieDTO.swift in Sources */ = {isa = PBXBuildFile; fileRef = 77FB1D802606212700C4CD94 /* PopularMovieDTO.swift */; };
		77FBABDF25F283D100282331 /* TabbarView.swift in Sources */ = {isa = PBXBuildFile; fileRef = 77FBABDE25F283D100282331 /* TabbarView.swift */; };
		77FBABE425F2844100282331 /* DashBoardScreen.swift in Sources */ = {isa = PBXBuildFile; fileRef = 77FBABE325F2844100282331 /* DashBoardScreen.swift */; };
		77FBABE725F2845400282331 /* DashboardViewModel.swift in Sources */ = {isa = PBXBuildFile; fileRef = 77FBABE625F2845400282331 /* DashboardViewModel.swift */; };
		77FBABF025F2856E00282331 /* AboutUsScreen.swift in Sources */ = {isa = PBXBuildFile; fileRef = 77FBABEF25F2856E00282331 /* AboutUsScreen.swift */; };
		77FEBA1525F60CF2004605A7 /* UIColor.swift in Sources */ = {isa = PBXBuildFile; fileRef = 77FEBA1425F60CF2004605A7 /* UIColor.swift */; };
/* End PBXBuildFile section */

/* Begin PBXFileReference section */
		7707D80B2610E8C000F0E733 /* PosterOrBackDropScreen.swift */ = {isa = PBXFileReference; lastKnownFileType = sourcecode.swift; path = PosterOrBackDropScreen.swift; sourceTree = "<group>"; };
		7744382026014DC90024D53E /* NetworkService.swift */ = {isa = PBXFileReference; lastKnownFileType = sourcecode.swift; path = NetworkService.swift; sourceTree = "<group>"; };
		7744382326014EDC0024D53E /* DataStorageService.swift */ = {isa = PBXFileReference; lastKnownFileType = sourcecode.swift; path = DataStorageService.swift; sourceTree = "<group>"; };
		7746163A25F144D8001D8ADB /* tmdb_specification.yaml */ = {isa = PBXFileReference; fileEncoding = 4; lastKnownFileType = text.yaml; path = tmdb_specification.yaml; sourceTree = "<group>"; xcLanguageSpecificationIdentifier = xcode.lang.yaml; };
		7746163B25F144D8001D8ADB /* config.yaml */ = {isa = PBXFileReference; fileEncoding = 4; lastKnownFileType = text.yaml; path = config.yaml; sourceTree = "<group>"; };
		7752F91825F2B5D300DBE89B /* MainScreen.swift */ = {isa = PBXFileReference; lastKnownFileType = sourcecode.swift; path = MainScreen.swift; sourceTree = "<group>"; };
		7752F91C25F3727700DBE89B /* MovieDetailScreen01.swift */ = {isa = PBXFileReference; lastKnownFileType = sourcecode.swift; path = MovieDetailScreen01.swift; sourceTree = "<group>"; };
		7752F94225F3CC9000DBE89B /* MapView.swift */ = {isa = PBXFileReference; lastKnownFileType = sourcecode.swift; path = MapView.swift; sourceTree = "<group>"; };
		7752F96625F4CC4200DBE89B /* NavigationLink + Ext.swift */ = {isa = PBXFileReference; lastKnownFileType = sourcecode.swift; path = "NavigationLink + Ext.swift"; sourceTree = "<group>"; };
		7752F96925F4CC8200DBE89B /* View + Ext.swift */ = {isa = PBXFileReference; lastKnownFileType = sourcecode.swift; path = "View + Ext.swift"; sourceTree = "<group>"; };
		7758CEDD25F2586700F7064B /* AppViewModel.swift */ = {isa = PBXFileReference; lastKnownFileType = sourcecode.swift; path = AppViewModel.swift; sourceTree = "<group>"; };
		7758CEE125F2596400F7064B /* AppState.swift */ = {isa = PBXFileReference; lastKnownFileType = sourcecode.swift; path = AppState.swift; sourceTree = "<group>"; };
		777F4E4E2610A11C000A7A87 /* MovieView.swift */ = {isa = PBXFileReference; lastKnownFileType = sourcecode.swift; path = MovieView.swift; sourceTree = "<group>"; };
		7783BF7526089A0D003EC0F4 /* MovieCell.swift */ = {isa = PBXFileReference; lastKnownFileType = sourcecode.swift; path = MovieCell.swift; sourceTree = "<group>"; };
		7783BF782608A4AE003EC0F4 /* SearchBar.swift */ = {isa = PBXFileReference; lastKnownFileType = sourcecode.swift; path = SearchBar.swift; sourceTree = "<group>"; };
		77848DE925F7BCF8004DBB1A /* NavigationStack.swift */ = {isa = PBXFileReference; lastKnownFileType = sourcecode.swift; path = NavigationStack.swift; sourceTree = "<group>"; };
		77877A6E25FD2356009E8E57 /* OmdbAPI */ = {isa = PBXFileReference; lastKnownFileType = folder; path = OmdbAPI; sourceTree = "<group>"; };
		77877A7325FD23B2009E8E57 /* TmdbAPI */ = {isa = PBXFileReference; lastKnownFileType = folder; path = TmdbAPI; sourceTree = "<group>"; };
		778875A925FE545400B317B1 /* MoveToMoviesModel.xcdatamodel */ = {isa = PBXFileReference; lastKnownFileType = wrapper.xcdatamodel; path = MoveToMoviesModel.xcdatamodel; sourceTree = "<group>"; };
		778875AD25FE5C8500B317B1 /* BaseView.swift */ = {isa = PBXFileReference; lastKnownFileType = sourcecode.swift; path = BaseView.swift; sourceTree = "<group>"; };
		778875CE25FFB3E500B317B1 /* String + Ext.swift */ = {isa = PBXFileReference; lastKnownFileType = sourcecode.swift; path = "String + Ext.swift"; sourceTree = "<group>"; };
		778875D125FFC22500B317B1 /* UIImage + Ext.swift */ = {isa = PBXFileReference; lastKnownFileType = sourcecode.swift; path = "UIImage + Ext.swift"; sourceTree = "<group>"; };
		778875D425FFD21800B317B1 /* MoveToMoviesModel 2.xcdatamodel */ = {isa = PBXFileReference; lastKnownFileType = wrapper.xcdatamodel; path = "MoveToMoviesModel 2.xcdatamodel"; sourceTree = "<group>"; };
		778875D525FFD22200B317B1 /* MoveToMoviesModel 3.xcdatamodel */ = {isa = PBXFileReference; lastKnownFileType = wrapper.xcdatamodel; path = "MoveToMoviesModel 3.xcdatamodel"; sourceTree = "<group>"; };
		778875D82600CCC800B317B1 /* MappingModelV1toV2.xcmappingmodel */ = {isa = PBXFileReference; lastKnownFileType = wrapper.xcmappingmodel; path = MappingModelV1toV2.xcmappingmodel; sourceTree = "<group>"; };
		779067752609F0CC00BB7765 /* Collection + Ext.swift */ = {isa = PBXFileReference; lastKnownFileType = sourcecode.swift; path = "Collection + Ext.swift"; sourceTree = "<group>"; };
		779067782609F59B00BB7765 /* ClearSearchView.swift */ = {isa = PBXFileReference; lastKnownFileType = sourcecode.swift; path = ClearSearchView.swift; sourceTree = "<group>"; };
		77A67F8525F0DC82005CB877 /* MoveToMovies.app */ = {isa = PBXFileReference; explicitFileType = wrapper.application; includeInIndex = 0; path = MoveToMovies.app; sourceTree = BUILT_PRODUCTS_DIR; };
		77A67F8825F0DC82005CB877 /* MoveToMoviesApp.swift */ = {isa = PBXFileReference; lastKnownFileType = sourcecode.swift; path = MoveToMoviesApp.swift; sourceTree = "<group>"; };
		77A67F8A25F0DC82005CB877 /* PopularMoviesScreen.swift */ = {isa = PBXFileReference; lastKnownFileType = sourcecode.swift; path = PopularMoviesScreen.swift; sourceTree = "<group>"; };
		77A67F8C25F0DC83005CB877 /* Assets.xcassets */ = {isa = PBXFileReference; lastKnownFileType = folder.assetcatalog; path = Assets.xcassets; sourceTree = "<group>"; };
		77A67F8F25F0DC83005CB877 /* Preview Assets.xcassets */ = {isa = PBXFileReference; lastKnownFileType = folder.assetcatalog; path = "Preview Assets.xcassets"; sourceTree = "<group>"; };
		77A67F9125F0DC83005CB877 /* Info.plist */ = {isa = PBXFileReference; lastKnownFileType = text.plist.xml; path = Info.plist; sourceTree = "<group>"; };
		77B55D9F25FD26F700F5B0B2 /* TabbarTab.swift */ = {isa = PBXFileReference; lastKnownFileType = sourcecode.swift; path = TabbarTab.swift; sourceTree = "<group>"; };
		77B55DA225FD284C00F5B0B2 /* TabbarViewModel.swift */ = {isa = PBXFileReference; lastKnownFileType = sourcecode.swift; path = TabbarViewModel.swift; sourceTree = "<group>"; };
		77B55DA525FD28DD00F5B0B2 /* UIControls */ = {isa = PBXFileReference; lastKnownFileType = folder; path = UIControls; sourceTree = "<group>"; };
		77B55DAA25FD2A8C00F5B0B2 /* Transition + Ext.swift */ = {isa = PBXFileReference; lastKnownFileType = sourcecode.swift; path = "Transition + Ext.swift"; sourceTree = "<group>"; };
		77CC323A25FD3926000A6EA0 /* MovieSearchScreen.swift */ = {isa = PBXFileReference; lastKnownFileType = sourcecode.swift; path = MovieSearchScreen.swift; sourceTree = "<group>"; };
		77CC324725FE1BDA000A6EA0 /* MovieSearchScreenViewModel.swift */ = {isa = PBXFileReference; lastKnownFileType = sourcecode.swift; path = MovieSearchScreenViewModel.swift; sourceTree = "<group>"; };
		77F70C9C2610E1B2003E0271 /* PosterAndBackDropScreen.swift */ = {isa = PBXFileReference; lastKnownFileType = sourcecode.swift; path = PosterAndBackDropScreen.swift; sourceTree = "<group>"; };
		77F8BAD2260F8DA600D85E4A /* MovieDetailScreen.swift */ = {isa = PBXFileReference; lastKnownFileType = sourcecode.swift; path = MovieDetailScreen.swift; sourceTree = "<group>"; };
		77F8BADB260F9B4100D85E4A /* Navigation */ = {isa = PBXFileReference; lastKnownFileType = folder; path = Navigation; sourceTree = "<group>"; };
		77F8BAE0260F9CCF00D85E4A /* MovieSearchScreenContent.swift */ = {isa = PBXFileReference; lastKnownFileType = sourcecode.swift; path = MovieSearchScreenContent.swift; sourceTree = "<group>"; };
		77FB1D802606212700C4CD94 /* PopularMovieDTO.swift */ = {isa = PBXFileReference; lastKnownFileType = sourcecode.swift; path = PopularMovieDTO.swift; sourceTree = "<group>"; };
		77FBABDE25F283D100282331 /* TabbarView.swift */ = {isa = PBXFileReference; lastKnownFileType = sourcecode.swift; path = TabbarView.swift; sourceTree = "<group>"; };
		77FBABE325F2844100282331 /* DashBoardScreen.swift */ = {isa = PBXFileReference; lastKnownFileType = sourcecode.swift; path = DashBoardScreen.swift; sourceTree = "<group>"; };
		77FBABE625F2845400282331 /* DashboardViewModel.swift */ = {isa = PBXFileReference; lastKnownFileType = sourcecode.swift; path = DashboardViewModel.swift; sourceTree = "<group>"; };
		77FBABEF25F2856E00282331 /* AboutUsScreen.swift */ = {isa = PBXFileReference; lastKnownFileType = sourcecode.swift; path = AboutUsScreen.swift; sourceTree = "<group>"; };
		77FEBA1425F60CF2004605A7 /* UIColor.swift */ = {isa = PBXFileReference; lastKnownFileType = sourcecode.swift; path = UIColor.swift; sourceTree = "<group>"; };
/* End PBXFileReference section */

/* Begin PBXFrameworksBuildPhase section */
		77A67F8225F0DC82005CB877 /* Frameworks */ = {
			isa = PBXFrameworksBuildPhase;
			buildActionMask = 2147483647;
			files = (
				7720804A2606309600B7A422 /* TmdbAPI in Frameworks */,
				7720804C2606309900B7A422 /* UIControls in Frameworks */,
				77F8BADE260F9B5200D85E4A /* Navigation in Frameworks */,
				772080482606309200B7A422 /* OmdbAPI in Frameworks */,
			);
			runOnlyForDeploymentPostprocessing = 0;
		};
/* End PBXFrameworksBuildPhase section */

/* Begin PBXGroup section */
		7707D80E2610E8C700F0E733 /* PosterBackDropScreens */ = {
			isa = PBXGroup;
			children = (
				77F70C9C2610E1B2003E0271 /* PosterAndBackDropScreen.swift */,
				7707D80B2610E8C000F0E733 /* PosterOrBackDropScreen.swift */,
			);
			path = PosterBackDropScreens;
			sourceTree = "<group>";
		};
		7746163925F144D8001D8ADB /* CodeGeneration */ = {
			isa = PBXGroup;
			children = (
				7746163A25F144D8001D8ADB /* tmdb_specification.yaml */,
				7746163B25F144D8001D8ADB /* config.yaml */,
			);
			path = CodeGeneration;
			sourceTree = "<group>";
		};
		7746164C25F157D8001D8ADB /* AccompanyingCode */ = {
			isa = PBXGroup;
			children = (
				77CC324A25FE2989000A6EA0 /* CoreData */,
				77A67F8825F0DC82005CB877 /* MoveToMoviesApp.swift */,
				77A67F8C25F0DC83005CB877 /* Assets.xcassets */,
				77A67F9125F0DC83005CB877 /* Info.plist */,
			);
			path = AccompanyingCode;
			sourceTree = "<group>";
		};
		7752F96525F4CC2700DBE89B /* Extensions */ = {
			isa = PBXGroup;
			children = (
				7752F96625F4CC4200DBE89B /* NavigationLink + Ext.swift */,
				7752F96925F4CC8200DBE89B /* View + Ext.swift */,
				77FEBA1425F60CF2004605A7 /* UIColor.swift */,
				77B55DAA25FD2A8C00F5B0B2 /* Transition + Ext.swift */,
				778875CE25FFB3E500B317B1 /* String + Ext.swift */,
				778875D125FFC22500B317B1 /* UIImage + Ext.swift */,
				779067752609F0CC00BB7765 /* Collection + Ext.swift */,
			);
			path = Extensions;
			sourceTree = "<group>";
		};
		7758CED525F24DF200F7064B /* Protocols */ = {
			isa = PBXGroup;
			children = (
				778875AD25FE5C8500B317B1 /* BaseView.swift */,
			);
			path = Protocols;
			sourceTree = "<group>";
		};
		7758CED925F2506E00F7064B /* Helpers */ = {
			isa = PBXGroup;
			children = (
				77848DE925F7BCF8004DBB1A /* NavigationStack.swift */,
			);
			path = Helpers;
			sourceTree = "<group>";
		};
		77877A6C25FD2328009E8E57 /* Modules */ = {
			isa = PBXGroup;
			children = (
				77F8BADB260F9B4100D85E4A /* Navigation */,
				77B55DA525FD28DD00F5B0B2 /* UIControls */,
				77877A7325FD23B2009E8E57 /* TmdbAPI */,
				77877A6E25FD2356009E8E57 /* OmdbAPI */,
			);
			path = Modules;
			sourceTree = "<group>";
		};
		778875DB2600D2FF00B317B1 /* Services */ = {
			isa = PBXGroup;
			children = (
				7744382026014DC90024D53E /* NetworkService.swift */,
				7744382326014EDC0024D53E /* DataStorageService.swift */,
			);
			path = Services;
			sourceTree = "<group>";
		};
		77A67F7C25F0DC82005CB877 = {
			isa = PBXGroup;
			children = (
				77877A6C25FD2328009E8E57 /* Modules */,
				77A67F8725F0DC82005CB877 /* MoveToMovies */,
				77A67F8625F0DC82005CB877 /* Products */,
				77FBABD425F2654C00282331 /* Frameworks */,
			);
			sourceTree = "<group>";
		};
		77A67F8625F0DC82005CB877 /* Products */ = {
			isa = PBXGroup;
			children = (
				77A67F8525F0DC82005CB877 /* MoveToMovies.app */,
			);
			name = Products;
			sourceTree = "<group>";
		};
		77A67F8725F0DC82005CB877 /* MoveToMovies */ = {
			isa = PBXGroup;
			children = (
				778875DB2600D2FF00B317B1 /* Services */,
				77CC323F25FD4E59000A6EA0 /* Modifiers */,
				77B55D9D25FD25CA00F5B0B2 /* 000_Main */,
				77B55D9A25FD255800F5B0B2 /* 001_Dashboard */,
				77B55D9B25FD257D00F5B0B2 /* 002_MovieSearch */,
				77B55D9C25FD25B500F5B0B2 /* 003_AboutUs */,
				7752F96525F4CC2700DBE89B /* Extensions */,
				77FBABE225F2842B00282331 /* Modules */,
				7758CED925F2506E00F7064B /* Helpers */,
				7758CED525F24DF200F7064B /* Protocols */,
				7746164C25F157D8001D8ADB /* AccompanyingCode */,
				7746163925F144D8001D8ADB /* CodeGeneration */,
				77A67F8E25F0DC83005CB877 /* Preview Content */,
				7758CEDD25F2586700F7064B /* AppViewModel.swift */,
				7758CEE125F2596400F7064B /* AppState.swift */,
			);
			path = MoveToMovies;
			sourceTree = "<group>";
		};
		77A67F8E25F0DC83005CB877 /* Preview Content */ = {
			isa = PBXGroup;
			children = (
				77A67F8F25F0DC83005CB877 /* Preview Assets.xcassets */,
			);
			path = "Preview Content";
			sourceTree = "<group>";
		};
		77B55D9A25FD255800F5B0B2 /* 001_Dashboard */ = {
			isa = PBXGroup;
			children = (
				77FBABE325F2844100282331 /* DashBoardScreen.swift */,
				77FBABE625F2845400282331 /* DashboardViewModel.swift */,
			);
			path = 001_Dashboard;
			sourceTree = "<group>";
		};
		77B55D9B25FD257D00F5B0B2 /* 002_MovieSearch */ = {
			isa = PBXGroup;
			children = (
				77F70C992610E157003E0271 /* MovieSearchScreen */,
				77F70C982610E149003E0271 /* MovieDetailScreen */,
				77F70C972610E13D003E0271 /* Controls */,
				77FB1D7F2606211300C4CD94 /* Models */,
				77CC324725FE1BDA000A6EA0 /* MovieSearchScreenViewModel.swift */,
				7707D80E2610E8C700F0E733 /* PosterBackDropScreens */,
			);
			path = 002_MovieSearch;
			sourceTree = "<group>";
		};
		77B55D9C25FD25B500F5B0B2 /* 003_AboutUs */ = {
			isa = PBXGroup;
			children = (
				77FBABEF25F2856E00282331 /* AboutUsScreen.swift */,
			);
			path = 003_AboutUs;
			sourceTree = "<group>";
		};
		77B55D9D25FD25CA00F5B0B2 /* 000_Main */ = {
			isa = PBXGroup;
			children = (
				7752F91825F2B5D300DBE89B /* MainScreen.swift */,
				77FBABDE25F283D100282331 /* TabbarView.swift */,
				77B55D9F25FD26F700F5B0B2 /* TabbarTab.swift */,
				77B55DA225FD284C00F5B0B2 /* TabbarViewModel.swift */,
			);
			path = 000_Main;
			sourceTree = "<group>";
		};
		77CC323F25FD4E59000A6EA0 /* Modifiers */ = {
			isa = PBXGroup;
			children = (
			);
			path = Modifiers;
			sourceTree = "<group>";
		};
		77CC324A25FE2989000A6EA0 /* CoreData */ = {
			isa = PBXGroup;
			children = (
				778875D82600CCC800B317B1 /* MappingModelV1toV2.xcmappingmodel */,
				778875A825FE545400B317B1 /* MoveToMoviesModel.xcdatamodeld */,
			);
			path = CoreData;
			sourceTree = "<group>";
		};
		77F70C972610E13D003E0271 /* Controls */ = {
			isa = PBXGroup;
			children = (
				7783BF7526089A0D003EC0F4 /* MovieCell.swift */,
				7783BF782608A4AE003EC0F4 /* SearchBar.swift */,
			);
			path = Controls;
			sourceTree = "<group>";
		};
		77F70C982610E149003E0271 /* MovieDetailScreen */ = {
			isa = PBXGroup;
			children = (
				777F4E4E2610A11C000A7A87 /* MovieView.swift */,
				77F8BAD2260F8DA600D85E4A /* MovieDetailScreen.swift */,
			);
			path = MovieDetailScreen;
			sourceTree = "<group>";
		};
		77F70C992610E157003E0271 /* MovieSearchScreen */ = {
			isa = PBXGroup;
			children = (
				77CC323A25FD3926000A6EA0 /* MovieSearchScreen.swift */,
				77F8BAE0260F9CCF00D85E4A /* MovieSearchScreenContent.swift */,
			);
			path = MovieSearchScreen;
			sourceTree = "<group>";
		};
		77FB1D7F2606211300C4CD94 /* Models */ = {
			isa = PBXGroup;
			children = (
				77FB1D802606212700C4CD94 /* PopularMovieDTO.swift */,
				779067782609F59B00BB7765 /* ClearSearchView.swift */,
			);
			path = Models;
			sourceTree = "<group>";
		};
		77FBABD425F2654C00282331 /* Frameworks */ = {
			isa = PBXGroup;
			children = (
			);
			name = Frameworks;
			sourceTree = "<group>";
		};
		77FBABE225F2842B00282331 /* Modules */ = {
			isa = PBXGroup;
			children = (
				77FBABEA25F2846D00282331 /* PopularMoviesModule */,
			);
			path = Modules;
			sourceTree = "<group>";
		};
		77FBABEA25F2846D00282331 /* PopularMoviesModule */ = {
			isa = PBXGroup;
			children = (
				77FBABEB25F2848300282331 /* Conrtols */,
				77A67F8A25F0DC82005CB877 /* PopularMoviesScreen.swift */,
				7752F91C25F3727700DBE89B /* MovieDetailScreen01.swift */,
				7752F94225F3CC9000DBE89B /* MapView.swift */,
			);
			path = PopularMoviesModule;
			sourceTree = "<group>";
		};
		77FBABEB25F2848300282331 /* Conrtols */ = {
			isa = PBXGroup;
			children = (
			);
			path = Conrtols;
			sourceTree = "<group>";
		};
/* End PBXGroup section */

/* Begin PBXNativeTarget section */
		77A67F8425F0DC82005CB877 /* MoveToMovies */ = {
			isa = PBXNativeTarget;
			buildConfigurationList = 77A67F9425F0DC83005CB877 /* Build configuration list for PBXNativeTarget "MoveToMovies" */;
			buildPhases = (
				77A67F8125F0DC82005CB877 /* Sources */,
				77A67F8225F0DC82005CB877 /* Frameworks */,
				77A67F8325F0DC82005CB877 /* Resources */,
			);
			buildRules = (
			);
			dependencies = (
			);
			name = MoveToMovies;
			packageProductDependencies = (
				772080472606309200B7A422 /* OmdbAPI */,
				772080492606309600B7A422 /* TmdbAPI */,
				7720804B2606309900B7A422 /* UIControls */,
				77F8BADD260F9B5200D85E4A /* Navigation */,
			);
			productName = MoveToMovies;
			productReference = 77A67F8525F0DC82005CB877 /* MoveToMovies.app */;
			productType = "com.apple.product-type.application";
		};
/* End PBXNativeTarget section */

/* Begin PBXProject section */
		77A67F7D25F0DC82005CB877 /* Project object */ = {
			isa = PBXProject;
			attributes = {
				LastSwiftUpdateCheck = 1240;
				LastUpgradeCheck = 1240;
				TargetAttributes = {
					77A67F8425F0DC82005CB877 = {
						CreatedOnToolsVersion = 12.4;
					};
				};
			};
			buildConfigurationList = 77A67F8025F0DC82005CB877 /* Build configuration list for PBXProject "MoveToMovies" */;
			compatibilityVersion = "Xcode 9.3";
			developmentRegion = en;
			hasScannedForEncodings = 0;
			knownRegions = (
				en,
				Base,
			);
			mainGroup = 77A67F7C25F0DC82005CB877;
			packageReferences = (
			);
			productRefGroup = 77A67F8625F0DC82005CB877 /* Products */;
			projectDirPath = "";
			projectRoot = "";
			targets = (
				77A67F8425F0DC82005CB877 /* MoveToMovies */,
			);
		};
/* End PBXProject section */

/* Begin PBXResourcesBuildPhase section */
		77A67F8325F0DC82005CB877 /* Resources */ = {
			isa = PBXResourcesBuildPhase;
			buildActionMask = 2147483647;
			files = (
				77A67F9025F0DC83005CB877 /* Preview Assets.xcassets in Resources */,
				77A67F8D25F0DC83005CB877 /* Assets.xcassets in Resources */,
			);
			runOnlyForDeploymentPostprocessing = 0;
		};
/* End PBXResourcesBuildPhase section */

/* Begin PBXSourcesBuildPhase section */
		77A67F8125F0DC82005CB877 /* Sources */ = {
			isa = PBXSourcesBuildPhase;
			buildActionMask = 2147483647;
			files = (
				77F8BAE1260F9CCF00D85E4A /* MovieSearchScreenContent.swift in Sources */,
				778875AE25FE5C8500B317B1 /* BaseView.swift in Sources */,
				777F4E4F2610A11C000A7A87 /* MovieView.swift in Sources */,
				77B55DA325FD284C00F5B0B2 /* TabbarViewModel.swift in Sources */,
				778875D92600CCC800B317B1 /* MappingModelV1toV2.xcmappingmodel in Sources */,
				77CC324825FE1BDA000A6EA0 /* MovieSearchScreenViewModel.swift in Sources */,
				7752F94325F3CC9000DBE89B /* MapView.swift in Sources */,
				779067792609F59B00BB7765 /* ClearSearchView.swift in Sources */,
				77FBABF025F2856E00282331 /* AboutUsScreen.swift in Sources */,
				7783BF792608A4AE003EC0F4 /* SearchBar.swift in Sources */,
				778875D225FFC22500B317B1 /* UIImage + Ext.swift in Sources */,
				77F8BAD3260F8DA600D85E4A /* MovieDetailScreen.swift in Sources */,
				778875AA25FE545400B317B1 /* MoveToMoviesModel.xcdatamodeld in Sources */,
				7783BF7626089A0D003EC0F4 /* MovieCell.swift in Sources */,
				7707D80C2610E8C000F0E733 /* PosterOrBackDropScreen.swift in Sources */,
				7752F96A25F4CC8200DBE89B /* View + Ext.swift in Sources */,
				7752F96725F4CC4200DBE89B /* NavigationLink + Ext.swift in Sources */,
				7752F91D25F3727700DBE89B /* MovieDetailScreen01.swift in Sources */,
				778875CF25FFB3E500B317B1 /* String + Ext.swift in Sources */,
				77B55DA025FD26F700F5B0B2 /* TabbarTab.swift in Sources */,
				77FEBA1525F60CF2004605A7 /* UIColor.swift in Sources */,
				7758CEE225F2596400F7064B /* AppState.swift in Sources */,
				77848DEA25F7BCF8004DBB1A /* NavigationStack.swift in Sources */,
				77FBABE725F2845400282331 /* DashboardViewModel.swift in Sources */,
				7744382126014DC90024D53E /* NetworkService.swift in Sources */,
				77A67F8B25F0DC82005CB877 /* PopularMoviesScreen.swift in Sources */,
				77FB1D812606212700C4CD94 /* PopularMovieDTO.swift in Sources */,
				77F70C9D2610E1B2003E0271 /* PosterAndBackDropScreen.swift in Sources */,
				77B55DAB25FD2A8C00F5B0B2 /* Transition + Ext.swift in Sources */,
				7752F91925F2B5D300DBE89B /* MainScreen.swift in Sources */,
				77CC323B25FD3926000A6EA0 /* MovieSearchScreen.swift in Sources */,
				779067762609F0CC00BB7765 /* Collection + Ext.swift in Sources */,
				7744382426014EDC0024D53E /* DataStorageService.swift in Sources */,
				77FBABE425F2844100282331 /* DashBoardScreen.swift in Sources */,
				77A67F8925F0DC82005CB877 /* MoveToMoviesApp.swift in Sources */,
				77FBABDF25F283D100282331 /* TabbarView.swift in Sources */,
				7758CEDE25F2586700F7064B /* AppViewModel.swift in Sources */,
			);
			runOnlyForDeploymentPostprocessing = 0;
		};
/* End PBXSourcesBuildPhase section */

/* Begin XCBuildConfiguration section */
		77A67F9225F0DC83005CB877 /* Debug */ = {
			isa = XCBuildConfiguration;
			buildSettings = {
				ALWAYS_SEARCH_USER_PATHS = NO;
				CLANG_ANALYZER_NONNULL = YES;
				CLANG_ANALYZER_NUMBER_OBJECT_CONVERSION = YES_AGGRESSIVE;
				CLANG_CXX_LANGUAGE_STANDARD = "gnu++14";
				CLANG_CXX_LIBRARY = "libc++";
				CLANG_ENABLE_MODULES = YES;
				CLANG_ENABLE_OBJC_ARC = YES;
				CLANG_ENABLE_OBJC_WEAK = YES;
				CLANG_WARN_BLOCK_CAPTURE_AUTORELEASING = YES;
				CLANG_WARN_BOOL_CONVERSION = YES;
				CLANG_WARN_COMMA = YES;
				CLANG_WARN_CONSTANT_CONVERSION = YES;
				CLANG_WARN_DEPRECATED_OBJC_IMPLEMENTATIONS = YES;
				CLANG_WARN_DIRECT_OBJC_ISA_USAGE = YES_ERROR;
				CLANG_WARN_DOCUMENTATION_COMMENTS = YES;
				CLANG_WARN_EMPTY_BODY = YES;
				CLANG_WARN_ENUM_CONVERSION = YES;
				CLANG_WARN_INFINITE_RECURSION = YES;
				CLANG_WARN_INT_CONVERSION = YES;
				CLANG_WARN_NON_LITERAL_NULL_CONVERSION = YES;
				CLANG_WARN_OBJC_IMPLICIT_RETAIN_SELF = YES;
				CLANG_WARN_OBJC_LITERAL_CONVERSION = YES;
				CLANG_WARN_OBJC_ROOT_CLASS = YES_ERROR;
				CLANG_WARN_QUOTED_INCLUDE_IN_FRAMEWORK_HEADER = YES;
				CLANG_WARN_RANGE_LOOP_ANALYSIS = YES;
				CLANG_WARN_STRICT_PROTOTYPES = YES;
				CLANG_WARN_SUSPICIOUS_MOVE = YES;
				CLANG_WARN_UNGUARDED_AVAILABILITY = YES_AGGRESSIVE;
				CLANG_WARN_UNREACHABLE_CODE = YES;
				CLANG_WARN__DUPLICATE_METHOD_MATCH = YES;
				COPY_PHASE_STRIP = NO;
				DEBUG_INFORMATION_FORMAT = dwarf;
				ENABLE_STRICT_OBJC_MSGSEND = YES;
				ENABLE_TESTABILITY = YES;
				GCC_C_LANGUAGE_STANDARD = gnu11;
				GCC_DYNAMIC_NO_PIC = NO;
				GCC_NO_COMMON_BLOCKS = YES;
				GCC_OPTIMIZATION_LEVEL = 0;
				GCC_PREPROCESSOR_DEFINITIONS = (
					"DEBUG=1",
					"$(inherited)",
				);
				GCC_WARN_64_TO_32_BIT_CONVERSION = YES;
				GCC_WARN_ABOUT_RETURN_TYPE = YES_ERROR;
				GCC_WARN_UNDECLARED_SELECTOR = YES;
				GCC_WARN_UNINITIALIZED_AUTOS = YES_AGGRESSIVE;
				GCC_WARN_UNUSED_FUNCTION = YES;
				GCC_WARN_UNUSED_VARIABLE = YES;
				IPHONEOS_DEPLOYMENT_TARGET = 13.0;
				MTL_ENABLE_DEBUG_INFO = INCLUDE_SOURCE;
				MTL_FAST_MATH = YES;
				ONLY_ACTIVE_ARCH = YES;
				SDKROOT = iphoneos;
				SWIFT_ACTIVE_COMPILATION_CONDITIONS = DEBUG;
				SWIFT_OPTIMIZATION_LEVEL = "-Onone";
			};
			name = Debug;
		};
		77A67F9325F0DC83005CB877 /* Release */ = {
			isa = XCBuildConfiguration;
			buildSettings = {
				ALWAYS_SEARCH_USER_PATHS = NO;
				CLANG_ANALYZER_NONNULL = YES;
				CLANG_ANALYZER_NUMBER_OBJECT_CONVERSION = YES_AGGRESSIVE;
				CLANG_CXX_LANGUAGE_STANDARD = "gnu++14";
				CLANG_CXX_LIBRARY = "libc++";
				CLANG_ENABLE_MODULES = YES;
				CLANG_ENABLE_OBJC_ARC = YES;
				CLANG_ENABLE_OBJC_WEAK = YES;
				CLANG_WARN_BLOCK_CAPTURE_AUTORELEASING = YES;
				CLANG_WARN_BOOL_CONVERSION = YES;
				CLANG_WARN_COMMA = YES;
				CLANG_WARN_CONSTANT_CONVERSION = YES;
				CLANG_WARN_DEPRECATED_OBJC_IMPLEMENTATIONS = YES;
				CLANG_WARN_DIRECT_OBJC_ISA_USAGE = YES_ERROR;
				CLANG_WARN_DOCUMENTATION_COMMENTS = YES;
				CLANG_WARN_EMPTY_BODY = YES;
				CLANG_WARN_ENUM_CONVERSION = YES;
				CLANG_WARN_INFINITE_RECURSION = YES;
				CLANG_WARN_INT_CONVERSION = YES;
				CLANG_WARN_NON_LITERAL_NULL_CONVERSION = YES;
				CLANG_WARN_OBJC_IMPLICIT_RETAIN_SELF = YES;
				CLANG_WARN_OBJC_LITERAL_CONVERSION = YES;
				CLANG_WARN_OBJC_ROOT_CLASS = YES_ERROR;
				CLANG_WARN_QUOTED_INCLUDE_IN_FRAMEWORK_HEADER = YES;
				CLANG_WARN_RANGE_LOOP_ANALYSIS = YES;
				CLANG_WARN_STRICT_PROTOTYPES = YES;
				CLANG_WARN_SUSPICIOUS_MOVE = YES;
				CLANG_WARN_UNGUARDED_AVAILABILITY = YES_AGGRESSIVE;
				CLANG_WARN_UNREACHABLE_CODE = YES;
				CLANG_WARN__DUPLICATE_METHOD_MATCH = YES;
				COPY_PHASE_STRIP = NO;
				DEBUG_INFORMATION_FORMAT = "dwarf-with-dsym";
				ENABLE_NS_ASSERTIONS = NO;
				ENABLE_STRICT_OBJC_MSGSEND = YES;
				GCC_C_LANGUAGE_STANDARD = gnu11;
				GCC_NO_COMMON_BLOCKS = YES;
				GCC_WARN_64_TO_32_BIT_CONVERSION = YES;
				GCC_WARN_ABOUT_RETURN_TYPE = YES_ERROR;
				GCC_WARN_UNDECLARED_SELECTOR = YES;
				GCC_WARN_UNINITIALIZED_AUTOS = YES_AGGRESSIVE;
				GCC_WARN_UNUSED_FUNCTION = YES;
				GCC_WARN_UNUSED_VARIABLE = YES;
				IPHONEOS_DEPLOYMENT_TARGET = 13.0;
				MTL_ENABLE_DEBUG_INFO = NO;
				MTL_FAST_MATH = YES;
				SDKROOT = iphoneos;
				SWIFT_COMPILATION_MODE = wholemodule;
				SWIFT_OPTIMIZATION_LEVEL = "-O";
				VALIDATE_PRODUCT = YES;
			};
			name = Release;
		};
		77A67F9525F0DC83005CB877 /* Debug */ = {
			isa = XCBuildConfiguration;
			buildSettings = {
				ASSETCATALOG_COMPILER_APPICON_NAME = AppIcon;
				ASSETCATALOG_COMPILER_GLOBAL_ACCENT_COLOR_NAME = AccentColor;
				CODE_SIGN_STYLE = Automatic;
				DEVELOPMENT_ASSET_PATHS = "\"MoveToMovies/Preview Content\"";
				DEVELOPMENT_TEAM = 5L7VM52GRP;
				ENABLE_PREVIEWS = YES;
				INFOPLIST_FILE = MoveToMovies/AccompanyingCode/Info.plist;
				IPHONEOS_DEPLOYMENT_TARGET = 14.1;
				LD_RUNPATH_SEARCH_PATHS = (
					"$(inherited)",
					"@executable_path/Frameworks",
				);
				PRODUCT_BUNDLE_IDENTIFIER = tech.vegowoo.MoveToMovies;
				PRODUCT_NAME = "$(TARGET_NAME)";
				SWIFT_VERSION = 5.0;
				TARGETED_DEVICE_FAMILY = "1,2";
			};
			name = Debug;
		};
		77A67F9625F0DC83005CB877 /* Release */ = {
			isa = XCBuildConfiguration;
			buildSettings = {
				ASSETCATALOG_COMPILER_APPICON_NAME = AppIcon;
				ASSETCATALOG_COMPILER_GLOBAL_ACCENT_COLOR_NAME = AccentColor;
				CODE_SIGN_STYLE = Automatic;
				DEVELOPMENT_ASSET_PATHS = "\"MoveToMovies/Preview Content\"";
				DEVELOPMENT_TEAM = 5L7VM52GRP;
				ENABLE_PREVIEWS = YES;
				INFOPLIST_FILE = MoveToMovies/AccompanyingCode/Info.plist;
				IPHONEOS_DEPLOYMENT_TARGET = 14.1;
				LD_RUNPATH_SEARCH_PATHS = (
					"$(inherited)",
					"@executable_path/Frameworks",
				);
				PRODUCT_BUNDLE_IDENTIFIER = tech.vegowoo.MoveToMovies;
				PRODUCT_NAME = "$(TARGET_NAME)";
				SWIFT_VERSION = 5.0;
				TARGETED_DEVICE_FAMILY = "1,2";
			};
			name = Release;
		};
/* End XCBuildConfiguration section */

/* Begin XCConfigurationList section */
		77A67F8025F0DC82005CB877 /* Build configuration list for PBXProject "MoveToMovies" */ = {
			isa = XCConfigurationList;
			buildConfigurations = (
				77A67F9225F0DC83005CB877 /* Debug */,
				77A67F9325F0DC83005CB877 /* Release */,
			);
			defaultConfigurationIsVisible = 0;
			defaultConfigurationName = Release;
		};
		77A67F9425F0DC83005CB877 /* Build configuration list for PBXNativeTarget "MoveToMovies" */ = {
			isa = XCConfigurationList;
			buildConfigurations = (
				77A67F9525F0DC83005CB877 /* Debug */,
				77A67F9625F0DC83005CB877 /* Release */,
			);
			defaultConfigurationIsVisible = 0;
			defaultConfigurationName = Release;
		};
/* End XCConfigurationList section */

/* Begin XCSwiftPackageProductDependency section */
		772080472606309200B7A422 /* OmdbAPI */ = {
			isa = XCSwiftPackageProductDependency;
			productName = OmdbAPI;
		};
		772080492606309600B7A422 /* TmdbAPI */ = {
			isa = XCSwiftPackageProductDependency;
			productName = TmdbAPI;
		};
		7720804B2606309900B7A422 /* UIControls */ = {
			isa = XCSwiftPackageProductDependency;
			productName = UIControls;
		};
		77F8BADD260F9B5200D85E4A /* Navigation */ = {
			isa = XCSwiftPackageProductDependency;
			productName = Navigation;
		};
/* End XCSwiftPackageProductDependency section */

/* Begin XCVersionGroup section */
		778875A825FE545400B317B1 /* MoveToMoviesModel.xcdatamodeld */ = {
			isa = XCVersionGroup;
			children = (
				778875D525FFD22200B317B1 /* MoveToMoviesModel 3.xcdatamodel */,
				778875D425FFD21800B317B1 /* MoveToMoviesModel 2.xcdatamodel */,
				778875A925FE545400B317B1 /* MoveToMoviesModel.xcdatamodel */,
			);
			currentVersion = 778875D525FFD22200B317B1 /* MoveToMoviesModel 3.xcdatamodel */;
			path = MoveToMoviesModel.xcdatamodeld;
			sourceTree = "<group>";
			versionGroupType = wrapper.xcdatamodel;
		};
/* End XCVersionGroup section */
	};
	rootObject = 77A67F7D25F0DC82005CB877 /* Project object */;
}
