// !$*UTF8*$!
{
	archiveVersion = 1;
	classes = {
	};
	objectVersion = 52;
	objects = {

/* Begin PBXBuildFile section */
		7708BEFE2624A2D100E0D67D /* MovieItemDTO.swift in Sources */ = {isa = PBXBuildFile; fileRef = 7708BEFD2624A2D100E0D67D /* MovieItemDTO.swift */; };
		7708BF022624AC8C00E0D67D /* MovieCell.swift in Sources */ = {isa = PBXBuildFile; fileRef = 7708BF012624AC8C00E0D67D /* MovieCell.swift */; };
		772080482606309200B7A422 /* OmdbAPI in Frameworks */ = {isa = PBXBuildFile; productRef = 772080472606309200B7A422 /* OmdbAPI */; };
		7720804A2606309600B7A422 /* TmdbAPI in Frameworks */ = {isa = PBXBuildFile; productRef = 772080492606309600B7A422 /* TmdbAPI */; };
		7720804C2606309900B7A422 /* UIControls in Frameworks */ = {isa = PBXBuildFile; productRef = 7720804B2606309900B7A422 /* UIControls */; };
		77300B5726161E1C006868A2 /* MainContainerView.swift in Sources */ = {isa = PBXBuildFile; fileRef = 77300B5626161E1C006868A2 /* MainContainerView.swift */; };
		77300B5A26161E38006868A2 /* MainView.swift in Sources */ = {isa = PBXBuildFile; fileRef = 77300B5926161E38006868A2 /* MainView.swift */; };
		7735B105261F44B30055EF6E /* MovieInfoContainerView.swift in Sources */ = {isa = PBXBuildFile; fileRef = 7735B104261F44B30055EF6E /* MovieInfoContainerView.swift */; };
		7735B108261F44C00055EF6E /* MovieInfoRenderView.swift in Sources */ = {isa = PBXBuildFile; fileRef = 7735B107261F44C00055EF6E /* MovieInfoRenderView.swift */; };
		7735B10B261F453C0055EF6E /* IContaierView.swift in Sources */ = {isa = PBXBuildFile; fileRef = 7735B10A261F453C0055EF6E /* IContaierView.swift */; };
		7744AC8D2629E3F5004D2A29 /* MoviesSearchContainerView.swift in Sources */ = {isa = PBXBuildFile; fileRef = 7744AC8C2629E3F5004D2A29 /* MoviesSearchContainerView.swift */; };
		7752F96725F4CC4200DBE89B /* NavigationLink + Ext.swift in Sources */ = {isa = PBXBuildFile; fileRef = 7752F96625F4CC4200DBE89B /* NavigationLink + Ext.swift */; };
		7752F96A25F4CC8200DBE89B /* View + Ext.swift in Sources */ = {isa = PBXBuildFile; fileRef = 7752F96925F4CC8200DBE89B /* View + Ext.swift */; };
		775B97AC261729390061794C /* DashScreenContainerView.swift in Sources */ = {isa = PBXBuildFile; fileRef = 775B97AB261729390061794C /* DashScreenContainerView.swift */; };
		775B97AF261729480061794C /* DashScreenRenderView.swift in Sources */ = {isa = PBXBuildFile; fileRef = 775B97AE261729480061794C /* DashScreenRenderView.swift */; };
		775B97B2261729740061794C /* MoviesContainerView.swift in Sources */ = {isa = PBXBuildFile; fileRef = 775B97B1261729740061794C /* MoviesContainerView.swift */; };
		775B97B52617297E0061794C /* MoviesView.swift in Sources */ = {isa = PBXBuildFile; fileRef = 775B97B42617297E0061794C /* MoviesView.swift */; };
		775B97B8261729AE0061794C /* AboutUsContainerView.swift in Sources */ = {isa = PBXBuildFile; fileRef = 775B97B7261729AE0061794C /* AboutUsContainerView.swift */; };
		775B97BB261729BB0061794C /* AboutUsRenderView.swift in Sources */ = {isa = PBXBuildFile; fileRef = 775B97BA261729BB0061794C /* AboutUsRenderView.swift */; };
		7767682926205B5E000962B4 /* Architecture in Frameworks */ = {isa = PBXBuildFile; productRef = 7767682826205B5E000962B4 /* Architecture */; };
		7772040C261E11BA0007E2FC /* MovieDetailContainerView.swift in Sources */ = {isa = PBXBuildFile; fileRef = 7772040B261E11BA0007E2FC /* MovieDetailContainerView.swift */; };
		7772040F261E11C70007E2FC /* MovieDetailRenderView.swift in Sources */ = {isa = PBXBuildFile; fileRef = 7772040E261E11C70007E2FC /* MovieDetailRenderView.swift */; };
		777E3E7E262068E700AABAA6 /* CoreDataProvider.swift in Sources */ = {isa = PBXBuildFile; fileRef = 777E3E7D262068E700AABAA6 /* CoreDataProvider.swift */; };
		778875AA25FE545400B317B1 /* MoveToMoviesModel.xcdatamodeld in Sources */ = {isa = PBXBuildFile; fileRef = 778875A825FE545400B317B1 /* MoveToMoviesModel.xcdatamodeld */; };
		778875AE25FE5C8500B317B1 /* BaseView.swift in Sources */ = {isa = PBXBuildFile; fileRef = 778875AD25FE5C8500B317B1 /* BaseView.swift */; };
		778875CF25FFB3E500B317B1 /* String + Ext.swift in Sources */ = {isa = PBXBuildFile; fileRef = 778875CE25FFB3E500B317B1 /* String + Ext.swift */; };
		778875D225FFC22500B317B1 /* UIImage + Ext.swift in Sources */ = {isa = PBXBuildFile; fileRef = 778875D125FFC22500B317B1 /* UIImage + Ext.swift */; };
		778875D92600CCC800B317B1 /* MappingModelV1toV2.xcmappingmodel in Sources */ = {isa = PBXBuildFile; fileRef = 778875D82600CCC800B317B1 /* MappingModelV1toV2.xcmappingmodel */; };
		779067762609F0CC00BB7765 /* Collection + Ext.swift in Sources */ = {isa = PBXBuildFile; fileRef = 779067752609F0CC00BB7765 /* Collection + Ext.swift */; };
		77A20CD626274D9F00BE3545 /* Date + Ext.swift in Sources */ = {isa = PBXBuildFile; fileRef = 77A20CD526274D9F00BE3545 /* Date + Ext.swift */; };
		77A20CD926274E3B00BE3545 /* TmdbMovieInfoView.swift in Sources */ = {isa = PBXBuildFile; fileRef = 77A20CD826274E3B00BE3545 /* TmdbMovieInfoView.swift */; };
		77A20CDE2627595D00BE3545 /* PosterAndBackdropContainerView.swift in Sources */ = {isa = PBXBuildFile; fileRef = 77A20CDD2627595D00BE3545 /* PosterAndBackdropContainerView.swift */; };
		77A20CE22627596C00BE3545 /* PosterAndBackdropRenderView.swift in Sources */ = {isa = PBXBuildFile; fileRef = 77A20CE12627596C00BE3545 /* PosterAndBackdropRenderView.swift */; };
		77A20CE526275BD000BE3545 /* PosterOrBackdropContainerView.swift in Sources */ = {isa = PBXBuildFile; fileRef = 77A20CE426275BD000BE3545 /* PosterOrBackdropContainerView.swift */; };
		77A20CE826275BDB00BE3545 /* PosterOrBackdropRenderView.swift in Sources */ = {isa = PBXBuildFile; fileRef = 77A20CE726275BDB00BE3545 /* PosterOrBackdropRenderView.swift */; };
		77A309AA2629D5660008E9AB /* ProductionCountry + Ext.swift in Sources */ = {isa = PBXBuildFile; fileRef = 77A309A92629D5660008E9AB /* ProductionCountry + Ext.swift */; };
		77A67F8925F0DC82005CB877 /* MoveToMoviesApp.swift in Sources */ = {isa = PBXBuildFile; fileRef = 77A67F8825F0DC82005CB877 /* MoveToMoviesApp.swift */; };
		77A67F8D25F0DC83005CB877 /* Assets.xcassets in Resources */ = {isa = PBXBuildFile; fileRef = 77A67F8C25F0DC83005CB877 /* Assets.xcassets */; };
		77A67F9025F0DC83005CB877 /* Preview Assets.xcassets in Resources */ = {isa = PBXBuildFile; fileRef = 77A67F8F25F0DC83005CB877 /* Preview Assets.xcassets */; };
		77B55DA025FD26F700F5B0B2 /* TabbarTab.swift in Sources */ = {isa = PBXBuildFile; fileRef = 77B55D9F25FD26F700F5B0B2 /* TabbarTab.swift */; };
		77B55DAB25FD2A8C00F5B0B2 /* Transition + Ext.swift in Sources */ = {isa = PBXBuildFile; fileRef = 77B55DAA25FD2A8C00F5B0B2 /* Transition + Ext.swift */; };
		77DD2C932614D979000455F4 /* AppState.swift in Sources */ = {isa = PBXBuildFile; fileRef = 77DD2C922614D979000455F4 /* AppState.swift */; };
		77DD2C972614DA72000455F4 /* MovieOmdbapiObject + Ext.swift in Sources */ = {isa = PBXBuildFile; fileRef = 77DD2C962614DA72000455F4 /* MovieOmdbapiObject + Ext.swift */; };
		77DD2C9A2614DB79000455F4 /* AppStore.swift in Sources */ = {isa = PBXBuildFile; fileRef = 77DD2C992614DB79000455F4 /* AppStore.swift */; };
		77DD2C9D2614DBDD000455F4 /* AppAction.swift in Sources */ = {isa = PBXBuildFile; fileRef = 77DD2C9C2614DBDD000455F4 /* AppAction.swift */; };
		77DD2CA02614DD29000455F4 /* AppReducer.swift in Sources */ = {isa = PBXBuildFile; fileRef = 77DD2C9F2614DD29000455F4 /* AppReducer.swift */; };
		77DD2CA32614DF19000455F4 /* AppEnvironment.swift in Sources */ = {isa = PBXBuildFile; fileRef = 77DD2CA22614DF19000455F4 /* AppEnvironment.swift */; };
		77DD2CAC2614E03A000455F4 /* Networking in Frameworks */ = {isa = PBXBuildFile; productRef = 77DD2CAB2614E03A000455F4 /* Networking */; };
		77DEE3912629D47F009EEED6 /* MoviesSearchView.swift in Sources */ = {isa = PBXBuildFile; fileRef = 77DEE3902629D47F009EEED6 /* MoviesSearchView.swift */; };
		77F8BADE260F9B5200D85E4A /* Navigation in Frameworks */ = {isa = PBXBuildFile; productRef = 77F8BADD260F9B5200D85E4A /* Navigation */; };
		77FEBA1525F60CF2004605A7 /* UIColor.swift in Sources */ = {isa = PBXBuildFile; fileRef = 77FEBA1425F60CF2004605A7 /* UIColor.swift */; };
/* End PBXBuildFile section */

/* Begin PBXFileReference section */
		7708BEFD2624A2D100E0D67D /* MovieItemDTO.swift */ = {isa = PBXFileReference; lastKnownFileType = sourcecode.swift; path = MovieItemDTO.swift; sourceTree = "<group>"; };
		7708BF012624AC8C00E0D67D /* MovieCell.swift */ = {isa = PBXFileReference; lastKnownFileType = sourcecode.swift; path = MovieCell.swift; sourceTree = "<group>"; };
		77300B5626161E1C006868A2 /* MainContainerView.swift */ = {isa = PBXFileReference; lastKnownFileType = sourcecode.swift; path = MainContainerView.swift; sourceTree = "<group>"; };
		77300B5926161E38006868A2 /* MainView.swift */ = {isa = PBXFileReference; lastKnownFileType = sourcecode.swift; path = MainView.swift; sourceTree = "<group>"; };
		7735B104261F44B30055EF6E /* MovieInfoContainerView.swift */ = {isa = PBXFileReference; lastKnownFileType = sourcecode.swift; path = MovieInfoContainerView.swift; sourceTree = "<group>"; };
		7735B107261F44C00055EF6E /* MovieInfoRenderView.swift */ = {isa = PBXFileReference; lastKnownFileType = sourcecode.swift; path = MovieInfoRenderView.swift; sourceTree = "<group>"; };
		7735B10A261F453C0055EF6E /* IContaierView.swift */ = {isa = PBXFileReference; lastKnownFileType = sourcecode.swift; path = IContaierView.swift; sourceTree = "<group>"; };
		7744AC8C2629E3F5004D2A29 /* MoviesSearchContainerView.swift */ = {isa = PBXFileReference; lastKnownFileType = sourcecode.swift; path = MoviesSearchContainerView.swift; sourceTree = "<group>"; };
		7746163A25F144D8001D8ADB /* tmdb_specification.yaml */ = {isa = PBXFileReference; fileEncoding = 4; lastKnownFileType = text.yaml; path = tmdb_specification.yaml; sourceTree = "<group>"; xcLanguageSpecificationIdentifier = xcode.lang.yaml; };
		7746163B25F144D8001D8ADB /* config.yaml */ = {isa = PBXFileReference; fileEncoding = 4; lastKnownFileType = text.yaml; path = config.yaml; sourceTree = "<group>"; };
		7752F96625F4CC4200DBE89B /* NavigationLink + Ext.swift */ = {isa = PBXFileReference; lastKnownFileType = sourcecode.swift; path = "NavigationLink + Ext.swift"; sourceTree = "<group>"; };
		7752F96925F4CC8200DBE89B /* View + Ext.swift */ = {isa = PBXFileReference; lastKnownFileType = sourcecode.swift; path = "View + Ext.swift"; sourceTree = "<group>"; };
		775B97AB261729390061794C /* DashScreenContainerView.swift */ = {isa = PBXFileReference; lastKnownFileType = sourcecode.swift; path = DashScreenContainerView.swift; sourceTree = "<group>"; };
		775B97AE261729480061794C /* DashScreenRenderView.swift */ = {isa = PBXFileReference; lastKnownFileType = sourcecode.swift; path = DashScreenRenderView.swift; sourceTree = "<group>"; };
		775B97B1261729740061794C /* MoviesContainerView.swift */ = {isa = PBXFileReference; lastKnownFileType = sourcecode.swift; path = MoviesContainerView.swift; sourceTree = "<group>"; };
		775B97B42617297E0061794C /* MoviesView.swift */ = {isa = PBXFileReference; lastKnownFileType = sourcecode.swift; path = MoviesView.swift; sourceTree = "<group>"; };
		775B97B7261729AE0061794C /* AboutUsContainerView.swift */ = {isa = PBXFileReference; lastKnownFileType = sourcecode.swift; path = AboutUsContainerView.swift; sourceTree = "<group>"; };
		775B97BA261729BB0061794C /* AboutUsRenderView.swift */ = {isa = PBXFileReference; lastKnownFileType = sourcecode.swift; path = AboutUsRenderView.swift; sourceTree = "<group>"; };
		7767682626205B22000962B4 /* Architecture */ = {isa = PBXFileReference; lastKnownFileType = folder; path = Architecture; sourceTree = "<group>"; };
		7772040B261E11BA0007E2FC /* MovieDetailContainerView.swift */ = {isa = PBXFileReference; lastKnownFileType = sourcecode.swift; path = MovieDetailContainerView.swift; sourceTree = "<group>"; };
		7772040E261E11C70007E2FC /* MovieDetailRenderView.swift */ = {isa = PBXFileReference; lastKnownFileType = sourcecode.swift; path = MovieDetailRenderView.swift; sourceTree = "<group>"; };
		777E3E7D262068E700AABAA6 /* CoreDataProvider.swift */ = {isa = PBXFileReference; lastKnownFileType = sourcecode.swift; path = CoreDataProvider.swift; sourceTree = "<group>"; };
		77877A6E25FD2356009E8E57 /* OmdbAPI */ = {isa = PBXFileReference; lastKnownFileType = folder; path = OmdbAPI; sourceTree = "<group>"; };
		77877A7325FD23B2009E8E57 /* TmdbAPI */ = {isa = PBXFileReference; lastKnownFileType = folder; path = TmdbAPI; sourceTree = "<group>"; };
		778875A925FE545400B317B1 /* MoveToMoviesModel.xcdatamodel */ = {isa = PBXFileReference; lastKnownFileType = wrapper.xcdatamodel; path = MoveToMoviesModel.xcdatamodel; sourceTree = "<group>"; };
		778875AD25FE5C8500B317B1 /* BaseView.swift */ = {isa = PBXFileReference; lastKnownFileType = sourcecode.swift; path = BaseView.swift; sourceTree = "<group>"; };
		778875CE25FFB3E500B317B1 /* String + Ext.swift */ = {isa = PBXFileReference; lastKnownFileType = sourcecode.swift; path = "String + Ext.swift"; sourceTree = "<group>"; };
		778875D125FFC22500B317B1 /* UIImage + Ext.swift */ = {isa = PBXFileReference; lastKnownFileType = sourcecode.swift; path = "UIImage + Ext.swift"; sourceTree = "<group>"; };
		778875D425FFD21800B317B1 /* MoveToMoviesModel 2.xcdatamodel */ = {isa = PBXFileReference; lastKnownFileType = wrapper.xcdatamodel; path = "MoveToMoviesModel 2.xcdatamodel"; sourceTree = "<group>"; };
		778875D525FFD22200B317B1 /* MoveToMoviesModel 3.xcdatamodel */ = {isa = PBXFileReference; lastKnownFileType = wrapper.xcdatamodel; path = "MoveToMoviesModel 3.xcdatamodel"; sourceTree = "<group>"; };
		778875D82600CCC800B317B1 /* MappingModelV1toV2.xcmappingmodel */ = {isa = PBXFileReference; lastKnownFileType = wrapper.xcmappingmodel; path = MappingModelV1toV2.xcmappingmodel; sourceTree = "<group>"; };
		779067752609F0CC00BB7765 /* Collection + Ext.swift */ = {isa = PBXFileReference; lastKnownFileType = sourcecode.swift; path = "Collection + Ext.swift"; sourceTree = "<group>"; };
		77A20CD526274D9F00BE3545 /* Date + Ext.swift */ = {isa = PBXFileReference; lastKnownFileType = sourcecode.swift; path = "Date + Ext.swift"; sourceTree = "<group>"; };
		77A20CD826274E3B00BE3545 /* TmdbMovieInfoView.swift */ = {isa = PBXFileReference; lastKnownFileType = sourcecode.swift; path = TmdbMovieInfoView.swift; sourceTree = "<group>"; };
		77A20CDD2627595D00BE3545 /* PosterAndBackdropContainerView.swift */ = {isa = PBXFileReference; lastKnownFileType = sourcecode.swift; path = PosterAndBackdropContainerView.swift; sourceTree = "<group>"; };
		77A20CE12627596C00BE3545 /* PosterAndBackdropRenderView.swift */ = {isa = PBXFileReference; lastKnownFileType = sourcecode.swift; path = PosterAndBackdropRenderView.swift; sourceTree = "<group>"; };
		77A20CE426275BD000BE3545 /* PosterOrBackdropContainerView.swift */ = {isa = PBXFileReference; lastKnownFileType = sourcecode.swift; path = PosterOrBackdropContainerView.swift; sourceTree = "<group>"; };
		77A20CE726275BDB00BE3545 /* PosterOrBackdropRenderView.swift */ = {isa = PBXFileReference; lastKnownFileType = sourcecode.swift; path = PosterOrBackdropRenderView.swift; sourceTree = "<group>"; };
		77A309A92629D5660008E9AB /* ProductionCountry + Ext.swift */ = {isa = PBXFileReference; lastKnownFileType = sourcecode.swift; path = "ProductionCountry + Ext.swift"; sourceTree = "<group>"; };
		77A67F8525F0DC82005CB877 /* MoveToMovies.app */ = {isa = PBXFileReference; explicitFileType = wrapper.application; includeInIndex = 0; path = MoveToMovies.app; sourceTree = BUILT_PRODUCTS_DIR; };
		77A67F8825F0DC82005CB877 /* MoveToMoviesApp.swift */ = {isa = PBXFileReference; lastKnownFileType = sourcecode.swift; path = MoveToMoviesApp.swift; sourceTree = "<group>"; };
		77A67F8C25F0DC83005CB877 /* Assets.xcassets */ = {isa = PBXFileReference; lastKnownFileType = folder.assetcatalog; path = Assets.xcassets; sourceTree = "<group>"; };
		77A67F8F25F0DC83005CB877 /* Preview Assets.xcassets */ = {isa = PBXFileReference; lastKnownFileType = folder.assetcatalog; path = "Preview Assets.xcassets"; sourceTree = "<group>"; };
		77A67F9125F0DC83005CB877 /* Info.plist */ = {isa = PBXFileReference; lastKnownFileType = text.plist.xml; path = Info.plist; sourceTree = "<group>"; };
		77B55D9F25FD26F700F5B0B2 /* TabbarTab.swift */ = {isa = PBXFileReference; lastKnownFileType = sourcecode.swift; path = TabbarTab.swift; sourceTree = "<group>"; };
		77B55DA525FD28DD00F5B0B2 /* UIControls */ = {isa = PBXFileReference; lastKnownFileType = folder; path = UIControls; sourceTree = "<group>"; };
		77B55DAA25FD2A8C00F5B0B2 /* Transition + Ext.swift */ = {isa = PBXFileReference; lastKnownFileType = sourcecode.swift; path = "Transition + Ext.swift"; sourceTree = "<group>"; };
		77DD2C922614D979000455F4 /* AppState.swift */ = {isa = PBXFileReference; lastKnownFileType = sourcecode.swift; path = AppState.swift; sourceTree = "<group>"; };
		77DD2C962614DA72000455F4 /* MovieOmdbapiObject + Ext.swift */ = {isa = PBXFileReference; lastKnownFileType = sourcecode.swift; path = "MovieOmdbapiObject + Ext.swift"; sourceTree = "<group>"; };
		77DD2C992614DB79000455F4 /* AppStore.swift */ = {isa = PBXFileReference; lastKnownFileType = sourcecode.swift; path = AppStore.swift; sourceTree = "<group>"; };
		77DD2C9C2614DBDD000455F4 /* AppAction.swift */ = {isa = PBXFileReference; lastKnownFileType = sourcecode.swift; path = AppAction.swift; sourceTree = "<group>"; };
		77DD2C9F2614DD29000455F4 /* AppReducer.swift */ = {isa = PBXFileReference; lastKnownFileType = sourcecode.swift; path = AppReducer.swift; sourceTree = "<group>"; };
		77DD2CA22614DF19000455F4 /* AppEnvironment.swift */ = {isa = PBXFileReference; lastKnownFileType = sourcecode.swift; path = AppEnvironment.swift; sourceTree = "<group>"; };
		77DD2CA92614E017000455F4 /* Networking */ = {isa = PBXFileReference; lastKnownFileType = folder; path = Networking; sourceTree = "<group>"; };
		77DEE3902629D47F009EEED6 /* MoviesSearchView.swift */ = {isa = PBXFileReference; lastKnownFileType = sourcecode.swift; path = MoviesSearchView.swift; sourceTree = "<group>"; };
		77F8BADB260F9B4100D85E4A /* Navigation */ = {isa = PBXFileReference; lastKnownFileType = folder; path = Navigation; sourceTree = "<group>"; };
		77FEBA1425F60CF2004605A7 /* UIColor.swift */ = {isa = PBXFileReference; lastKnownFileType = sourcecode.swift; path = UIColor.swift; sourceTree = "<group>"; };
/* End PBXFileReference section */

/* Begin PBXFrameworksBuildPhase section */
		77A67F8225F0DC82005CB877 /* Frameworks */ = {
			isa = PBXFrameworksBuildPhase;
			buildActionMask = 2147483647;
			files = (
				77DD2CAC2614E03A000455F4 /* Networking in Frameworks */,
				7720804A2606309600B7A422 /* TmdbAPI in Frameworks */,
				7720804C2606309900B7A422 /* UIControls in Frameworks */,
				77F8BADE260F9B5200D85E4A /* Navigation in Frameworks */,
				7767682926205B5E000962B4 /* Architecture in Frameworks */,
				772080482606309200B7A422 /* OmdbAPI in Frameworks */,
			);
			runOnlyForDeploymentPostprocessing = 0;
		};
/* End PBXFrameworksBuildPhase section */

/* Begin PBXGroup section */
		770AFBF8261B9B86002EFB26 /* Models */ = {
			isa = PBXGroup;
			children = (
				7708BF012624AC8C00E0D67D /* MovieCell.swift */,
				7708BEFD2624A2D100E0D67D /* MovieItemDTO.swift */,
			);
			path = Models;
			sourceTree = "<group>";
		};
		77300B5526161DFB006868A2 /* 00_MainViews */ = {
			isa = PBXGroup;
			children = (
				77300B5626161E1C006868A2 /* MainContainerView.swift */,
				77300B5926161E38006868A2 /* MainView.swift */,
				77B55D9F25FD26F700F5B0B2 /* TabbarTab.swift */,
			);
			path = 00_MainViews;
			sourceTree = "<group>";
		};
		7735B103261F44850055EF6E /* MovieInfoView */ = {
			isa = PBXGroup;
			children = (
				7735B104261F44B30055EF6E /* MovieInfoContainerView.swift */,
				7735B107261F44C00055EF6E /* MovieInfoRenderView.swift */,
				77A20CD826274E3B00BE3545 /* TmdbMovieInfoView.swift */,
			);
			path = MovieInfoView;
			sourceTree = "<group>";
		};
		7746163925F144D8001D8ADB /* CodeGeneration */ = {
			isa = PBXGroup;
			children = (
				7746163A25F144D8001D8ADB /* tmdb_specification.yaml */,
				7746163B25F144D8001D8ADB /* config.yaml */,
			);
			path = CodeGeneration;
			sourceTree = "<group>";
		};
		7746164C25F157D8001D8ADB /* AccompanyingCode */ = {
			isa = PBXGroup;
			children = (
				77CC324A25FE2989000A6EA0 /* CoreData */,
				77A67F8825F0DC82005CB877 /* MoveToMoviesApp.swift */,
				77A67F8C25F0DC83005CB877 /* Assets.xcassets */,
				77A67F9125F0DC83005CB877 /* Info.plist */,
			);
			path = AccompanyingCode;
			sourceTree = "<group>";
		};
		7752F96525F4CC2700DBE89B /* Extensions */ = {
			isa = PBXGroup;
			children = (
				7752F96625F4CC4200DBE89B /* NavigationLink + Ext.swift */,
				7752F96925F4CC8200DBE89B /* View + Ext.swift */,
				77FEBA1425F60CF2004605A7 /* UIColor.swift */,
				77B55DAA25FD2A8C00F5B0B2 /* Transition + Ext.swift */,
				778875CE25FFB3E500B317B1 /* String + Ext.swift */,
				778875D125FFC22500B317B1 /* UIImage + Ext.swift */,
				779067752609F0CC00BB7765 /* Collection + Ext.swift */,
				77A20CD526274D9F00BE3545 /* Date + Ext.swift */,
			);
			path = Extensions;
			sourceTree = "<group>";
		};
		7758CED525F24DF200F7064B /* Protocols */ = {
			isa = PBXGroup;
			children = (
				778875AD25FE5C8500B317B1 /* BaseView.swift */,
				7735B10A261F453C0055EF6E /* IContaierView.swift */,
			);
			path = Protocols;
			sourceTree = "<group>";
		};
		775B97A8261728DB0061794C /* 01_DashboardViews */ = {
			isa = PBXGroup;
			children = (
				775B97AB261729390061794C /* DashScreenContainerView.swift */,
				775B97AE261729480061794C /* DashScreenRenderView.swift */,
			);
			path = 01_DashboardViews;
			sourceTree = "<group>";
		};
		775B97A9261728ED0061794C /* 02_MoviesViews */ = {
			isa = PBXGroup;
			children = (
				770AFBF8261B9B86002EFB26 /* Models */,
				77720412261E11DF0007E2FC /* MoviesViews */,
				77720411261E11D20007E2FC /* MovieDetailViews */,
				7735B103261F44850055EF6E /* MovieInfoView */,
				77A20CDB2627590200BE3545 /* PosterAndBackdropView */,
				77A20CDC2627591600BE3545 /* PosterOrBackdropView */,
			);
			path = 02_MoviesViews;
			sourceTree = "<group>";
		};
		775B97AA2617290D0061794C /* 3_AboutUsView */ = {
			isa = PBXGroup;
			children = (
				775B97B7261729AE0061794C /* AboutUsContainerView.swift */,
				775B97BA261729BB0061794C /* AboutUsRenderView.swift */,
			);
			path = 3_AboutUsView;
			sourceTree = "<group>";
		};
		77720411261E11D20007E2FC /* MovieDetailViews */ = {
			isa = PBXGroup;
			children = (
				7772040B261E11BA0007E2FC /* MovieDetailContainerView.swift */,
				7772040E261E11C70007E2FC /* MovieDetailRenderView.swift */,
			);
			path = MovieDetailViews;
			sourceTree = "<group>";
		};
		77720412261E11DF0007E2FC /* MoviesViews */ = {
			isa = PBXGroup;
			children = (
				77DEE3942629D498009EEED6 /* MoviesView */,
				77DEE3952629D4AB009EEED6 /* MoviesSearchView */,
			);
			path = MoviesViews;
			sourceTree = "<group>";
		};
		777E3E7B262068C900AABAA6 /* Providers */ = {
			isa = PBXGroup;
			children = (
				777E3E7C262068D000AABAA6 /* CoreDataProvider */,
			);
			path = Providers;
			sourceTree = "<group>";
		};
		777E3E7C262068D000AABAA6 /* CoreDataProvider */ = {
			isa = PBXGroup;
			children = (
				777E3E7D262068E700AABAA6 /* CoreDataProvider.swift */,
			);
			path = CoreDataProvider;
			sourceTree = "<group>";
		};
		77877A6C25FD2328009E8E57 /* Modules */ = {
			isa = PBXGroup;
			children = (
				7767682626205B22000962B4 /* Architecture */,
				77DD2CA92614E017000455F4 /* Networking */,
				77F8BADB260F9B4100D85E4A /* Navigation */,
				77B55DA525FD28DD00F5B0B2 /* UIControls */,
				77877A7325FD23B2009E8E57 /* TmdbAPI */,
				77877A6E25FD2356009E8E57 /* OmdbAPI */,
			);
			path = Modules;
			sourceTree = "<group>";
		};
		77A20CDB2627590200BE3545 /* PosterAndBackdropView */ = {
			isa = PBXGroup;
			children = (
				77A20CDD2627595D00BE3545 /* PosterAndBackdropContainerView.swift */,
				77A20CE12627596C00BE3545 /* PosterAndBackdropRenderView.swift */,
			);
			path = PosterAndBackdropView;
			sourceTree = "<group>";
		};
		77A20CDC2627591600BE3545 /* PosterOrBackdropView */ = {
			isa = PBXGroup;
			children = (
				77A20CE426275BD000BE3545 /* PosterOrBackdropContainerView.swift */,
				77A20CE726275BDB00BE3545 /* PosterOrBackdropRenderView.swift */,
			);
			path = PosterOrBackdropView;
			sourceTree = "<group>";
		};
		77A67F7C25F0DC82005CB877 = {
			isa = PBXGroup;
			children = (
				77877A6C25FD2328009E8E57 /* Modules */,
				77A67F8725F0DC82005CB877 /* MoveToMovies */,
				77A67F8625F0DC82005CB877 /* Products */,
				77FBABD425F2654C00282331 /* Frameworks */,
			);
			sourceTree = "<group>";
		};
		77A67F8625F0DC82005CB877 /* Products */ = {
			isa = PBXGroup;
			children = (
				77A67F8525F0DC82005CB877 /* MoveToMovies.app */,
			);
			name = Products;
			sourceTree = "<group>";
		};
		77A67F8725F0DC82005CB877 /* MoveToMovies */ = {
			isa = PBXGroup;
			children = (
				777E3E7B262068C900AABAA6 /* Providers */,
				77DD2CA52614DF36000455F4 /* Architecture */,
				7752F96525F4CC2700DBE89B /* Extensions */,
				77DD2C952614DA5E000455F4 /* Models */,
				7758CED525F24DF200F7064B /* Protocols */,
				77300B5526161DFB006868A2 /* 00_MainViews */,
				775B97A8261728DB0061794C /* 01_DashboardViews */,
				775B97A9261728ED0061794C /* 02_MoviesViews */,
				775B97AA2617290D0061794C /* 3_AboutUsView */,
				7746164C25F157D8001D8ADB /* AccompanyingCode */,
				7746163925F144D8001D8ADB /* CodeGeneration */,
				77A67F8E25F0DC83005CB877 /* Preview Content */,
			);
			path = MoveToMovies;
			sourceTree = "<group>";
		};
		77A67F8E25F0DC83005CB877 /* Preview Content */ = {
			isa = PBXGroup;
			children = (
				77A67F8F25F0DC83005CB877 /* Preview Assets.xcassets */,
			);
			path = "Preview Content";
			sourceTree = "<group>";
		};
		77CC324A25FE2989000A6EA0 /* CoreData */ = {
			isa = PBXGroup;
			children = (
				778875D82600CCC800B317B1 /* MappingModelV1toV2.xcmappingmodel */,
				778875A825FE545400B317B1 /* MoveToMoviesModel.xcdatamodeld */,
			);
			path = CoreData;
			sourceTree = "<group>";
		};
		77DD2C952614DA5E000455F4 /* Models */ = {
			isa = PBXGroup;
			children = (
				77DD2C962614DA72000455F4 /* MovieOmdbapiObject + Ext.swift */,
				77A309A92629D5660008E9AB /* ProductionCountry + Ext.swift */,
			);
			path = Models;
			sourceTree = "<group>";
		};
		77DD2CA52614DF36000455F4 /* Architecture */ = {
			isa = PBXGroup;
			children = (
				77DD2C922614D979000455F4 /* AppState.swift */,
				77DD2CA22614DF19000455F4 /* AppEnvironment.swift */,
				77DD2C992614DB79000455F4 /* AppStore.swift */,
				77DD2C9C2614DBDD000455F4 /* AppAction.swift */,
				77DD2C9F2614DD29000455F4 /* AppReducer.swift */,
			);
			path = Architecture;
			sourceTree = "<group>";
		};
		77DEE3942629D498009EEED6 /* MoviesView */ = {
			isa = PBXGroup;
			children = (
				775B97B1261729740061794C /* MoviesContainerView.swift */,
				775B97B42617297E0061794C /* MoviesView.swift */,
			);
			path = MoviesView;
			sourceTree = "<group>";
		};
		77DEE3952629D4AB009EEED6 /* MoviesSearchView */ = {
			isa = PBXGroup;
			children = (
				7744AC8C2629E3F5004D2A29 /* MoviesSearchContainerView.swift */,
				77DEE3902629D47F009EEED6 /* MoviesSearchView.swift */,
			);
			path = MoviesSearchView;
			sourceTree = "<group>";
		};
		77FBABD425F2654C00282331 /* Frameworks */ = {
			isa = PBXGroup;
			children = (
			);
			name = Frameworks;
			sourceTree = "<group>";
		};
/* End PBXGroup section */

/* Begin PBXNativeTarget section */
		77A67F8425F0DC82005CB877 /* MoveToMovies */ = {
			isa = PBXNativeTarget;
			buildConfigurationList = 77A67F9425F0DC83005CB877 /* Build configuration list for PBXNativeTarget "MoveToMovies" */;
			buildPhases = (
				77A67F8125F0DC82005CB877 /* Sources */,
				77A67F8225F0DC82005CB877 /* Frameworks */,
				77A67F8325F0DC82005CB877 /* Resources */,
			);
			buildRules = (
			);
			dependencies = (
			);
			name = MoveToMovies;
			packageProductDependencies = (
				772080472606309200B7A422 /* OmdbAPI */,
				772080492606309600B7A422 /* TmdbAPI */,
				7720804B2606309900B7A422 /* UIControls */,
				77F8BADD260F9B5200D85E4A /* Navigation */,
				77DD2CAB2614E03A000455F4 /* Networking */,
				7767682826205B5E000962B4 /* Architecture */,
			);
			productName = MoveToMovies;
			productReference = 77A67F8525F0DC82005CB877 /* MoveToMovies.app */;
			productType = "com.apple.product-type.application";
		};
/* End PBXNativeTarget section */

/* Begin PBXProject section */
		77A67F7D25F0DC82005CB877 /* Project object */ = {
			isa = PBXProject;
			attributes = {
				LastSwiftUpdateCheck = 1240;
				LastUpgradeCheck = 1240;
				TargetAttributes = {
					77A67F8425F0DC82005CB877 = {
						CreatedOnToolsVersion = 12.4;
					};
				};
			};
			buildConfigurationList = 77A67F8025F0DC82005CB877 /* Build configuration list for PBXProject "MoveToMovies" */;
			compatibilityVersion = "Xcode 9.3";
			developmentRegion = en;
			hasScannedForEncodings = 0;
			knownRegions = (
				en,
				Base,
			);
			mainGroup = 77A67F7C25F0DC82005CB877;
			packageReferences = (
			);
			productRefGroup = 77A67F8625F0DC82005CB877 /* Products */;
			projectDirPath = "";
			projectRoot = "";
			targets = (
				77A67F8425F0DC82005CB877 /* MoveToMovies */,
			);
		};
/* End PBXProject section */

/* Begin PBXResourcesBuildPhase section */
		77A67F8325F0DC82005CB877 /* Resources */ = {
			isa = PBXResourcesBuildPhase;
			buildActionMask = 2147483647;
			files = (
				77A67F9025F0DC83005CB877 /* Preview Assets.xcassets in Resources */,
				77A67F8D25F0DC83005CB877 /* Assets.xcassets in Resources */,
			);
			runOnlyForDeploymentPostprocessing = 0;
		};
/* End PBXResourcesBuildPhase section */

/* Begin PBXSourcesBuildPhase section */
		77A67F8125F0DC82005CB877 /* Sources */ = {
			isa = PBXSourcesBuildPhase;
			buildActionMask = 2147483647;
			files = (
				778875AE25FE5C8500B317B1 /* BaseView.swift in Sources */,
				77A309AA2629D5660008E9AB /* ProductionCountry + Ext.swift in Sources */,
				775B97AC261729390061794C /* DashScreenContainerView.swift in Sources */,
				778875D92600CCC800B317B1 /* MappingModelV1toV2.xcmappingmodel in Sources */,
				77DD2CA32614DF19000455F4 /* AppEnvironment.swift in Sources */,
				7708BEFE2624A2D100E0D67D /* MovieItemDTO.swift in Sources */,
				77A20CD926274E3B00BE3545 /* TmdbMovieInfoView.swift in Sources */,
				7735B108261F44C00055EF6E /* MovieInfoRenderView.swift in Sources */,
				77DD2C932614D979000455F4 /* AppState.swift in Sources */,
				775B97B8261729AE0061794C /* AboutUsContainerView.swift in Sources */,
				7735B105261F44B30055EF6E /* MovieInfoContainerView.swift in Sources */,
				7744AC8D2629E3F5004D2A29 /* MoviesSearchContainerView.swift in Sources */,
				775B97B52617297E0061794C /* MoviesView.swift in Sources */,
				778875D225FFC22500B317B1 /* UIImage + Ext.swift in Sources */,
				77A20CE826275BDB00BE3545 /* PosterOrBackdropRenderView.swift in Sources */,
				777E3E7E262068E700AABAA6 /* CoreDataProvider.swift in Sources */,
				778875AA25FE545400B317B1 /* MoveToMoviesModel.xcdatamodeld in Sources */,
				77DD2C972614DA72000455F4 /* MovieOmdbapiObject + Ext.swift in Sources */,
				77DD2CA02614DD29000455F4 /* AppReducer.swift in Sources */,
				77DD2C9D2614DBDD000455F4 /* AppAction.swift in Sources */,
				7708BF022624AC8C00E0D67D /* MovieCell.swift in Sources */,
				7752F96A25F4CC8200DBE89B /* View + Ext.swift in Sources */,
				7752F96725F4CC4200DBE89B /* NavigationLink + Ext.swift in Sources */,
				778875CF25FFB3E500B317B1 /* String + Ext.swift in Sources */,
				77300B5A26161E38006868A2 /* MainView.swift in Sources */,
				7772040C261E11BA0007E2FC /* MovieDetailContainerView.swift in Sources */,
				77B55DA025FD26F700F5B0B2 /* TabbarTab.swift in Sources */,
				77FEBA1525F60CF2004605A7 /* UIColor.swift in Sources */,
				7735B10B261F453C0055EF6E /* IContaierView.swift in Sources */,
				775B97BB261729BB0061794C /* AboutUsRenderView.swift in Sources */,
				77B55DAB25FD2A8C00F5B0B2 /* Transition + Ext.swift in Sources */,
				77A20CDE2627595D00BE3545 /* PosterAndBackdropContainerView.swift in Sources */,
				77DD2C9A2614DB79000455F4 /* AppStore.swift in Sources */,
				77A20CD626274D9F00BE3545 /* Date + Ext.swift in Sources */,
				77300B5726161E1C006868A2 /* MainContainerView.swift in Sources */,
				77DEE3912629D47F009EEED6 /* MoviesSearchView.swift in Sources */,
				7772040F261E11C70007E2FC /* MovieDetailRenderView.swift in Sources */,
				779067762609F0CC00BB7765 /* Collection + Ext.swift in Sources */,
				77A20CE22627596C00BE3545 /* PosterAndBackdropRenderView.swift in Sources */,
				77A67F8925F0DC82005CB877 /* MoveToMoviesApp.swift in Sources */,
				77A20CE526275BD000BE3545 /* PosterOrBackdropContainerView.swift in Sources */,
				775B97AF261729480061794C /* DashScreenRenderView.swift in Sources */,
				775B97B2261729740061794C /* MoviesContainerView.swift in Sources */,
			);
			runOnlyForDeploymentPostprocessing = 0;
		};
/* End PBXSourcesBuildPhase section */

/* Begin XCBuildConfiguration section */
		77A67F9225F0DC83005CB877 /* Debug */ = {
			isa = XCBuildConfiguration;
			buildSettings = {
				ALWAYS_SEARCH_USER_PATHS = NO;
				CLANG_ANALYZER_NONNULL = YES;
				CLANG_ANALYZER_NUMBER_OBJECT_CONVERSION = YES_AGGRESSIVE;
				CLANG_CXX_LANGUAGE_STANDARD = "gnu++14";
				CLANG_CXX_LIBRARY = "libc++";
				CLANG_ENABLE_MODULES = YES;
				CLANG_ENABLE_OBJC_ARC = YES;
				CLANG_ENABLE_OBJC_WEAK = YES;
				CLANG_WARN_BLOCK_CAPTURE_AUTORELEASING = YES;
				CLANG_WARN_BOOL_CONVERSION = YES;
				CLANG_WARN_COMMA = YES;
				CLANG_WARN_CONSTANT_CONVERSION = YES;
				CLANG_WARN_DEPRECATED_OBJC_IMPLEMENTATIONS = YES;
				CLANG_WARN_DIRECT_OBJC_ISA_USAGE = YES_ERROR;
				CLANG_WARN_DOCUMENTATION_COMMENTS = YES;
				CLANG_WARN_EMPTY_BODY = YES;
				CLANG_WARN_ENUM_CONVERSION = YES;
				CLANG_WARN_INFINITE_RECURSION = YES;
				CLANG_WARN_INT_CONVERSION = YES;
				CLANG_WARN_NON_LITERAL_NULL_CONVERSION = YES;
				CLANG_WARN_OBJC_IMPLICIT_RETAIN_SELF = YES;
				CLANG_WARN_OBJC_LITERAL_CONVERSION = YES;
				CLANG_WARN_OBJC_ROOT_CLASS = YES_ERROR;
				CLANG_WARN_QUOTED_INCLUDE_IN_FRAMEWORK_HEADER = YES;
				CLANG_WARN_RANGE_LOOP_ANALYSIS = YES;
				CLANG_WARN_STRICT_PROTOTYPES = YES;
				CLANG_WARN_SUSPICIOUS_MOVE = YES;
				CLANG_WARN_UNGUARDED_AVAILABILITY = YES_AGGRESSIVE;
				CLANG_WARN_UNREACHABLE_CODE = YES;
				CLANG_WARN__DUPLICATE_METHOD_MATCH = YES;
				COPY_PHASE_STRIP = NO;
				DEBUG_INFORMATION_FORMAT = dwarf;
				ENABLE_STRICT_OBJC_MSGSEND = YES;
				ENABLE_TESTABILITY = YES;
				GCC_C_LANGUAGE_STANDARD = gnu11;
				GCC_DYNAMIC_NO_PIC = NO;
				GCC_NO_COMMON_BLOCKS = YES;
				GCC_OPTIMIZATION_LEVEL = 0;
				GCC_PREPROCESSOR_DEFINITIONS = (
					"DEBUG=1",
					"$(inherited)",
				);
				GCC_WARN_64_TO_32_BIT_CONVERSION = YES;
				GCC_WARN_ABOUT_RETURN_TYPE = YES_ERROR;
				GCC_WARN_UNDECLARED_SELECTOR = YES;
				GCC_WARN_UNINITIALIZED_AUTOS = YES_AGGRESSIVE;
				GCC_WARN_UNUSED_FUNCTION = YES;
				GCC_WARN_UNUSED_VARIABLE = YES;
				IPHONEOS_DEPLOYMENT_TARGET = 13.0;
				MTL_ENABLE_DEBUG_INFO = INCLUDE_SOURCE;
				MTL_FAST_MATH = YES;
				ONLY_ACTIVE_ARCH = YES;
				SDKROOT = iphoneos;
				SWIFT_ACTIVE_COMPILATION_CONDITIONS = DEBUG;
				SWIFT_OPTIMIZATION_LEVEL = "-Onone";
			};
			name = Debug;
		};
		77A67F9325F0DC83005CB877 /* Release */ = {
			isa = XCBuildConfiguration;
			buildSettings = {
				ALWAYS_SEARCH_USER_PATHS = NO;
				CLANG_ANALYZER_NONNULL = YES;
				CLANG_ANALYZER_NUMBER_OBJECT_CONVERSION = YES_AGGRESSIVE;
				CLANG_CXX_LANGUAGE_STANDARD = "gnu++14";
				CLANG_CXX_LIBRARY = "libc++";
				CLANG_ENABLE_MODULES = YES;
				CLANG_ENABLE_OBJC_ARC = YES;
				CLANG_ENABLE_OBJC_WEAK = YES;
				CLANG_WARN_BLOCK_CAPTURE_AUTORELEASING = YES;
				CLANG_WARN_BOOL_CONVERSION = YES;
				CLANG_WARN_COMMA = YES;
				CLANG_WARN_CONSTANT_CONVERSION = YES;
				CLANG_WARN_DEPRECATED_OBJC_IMPLEMENTATIONS = YES;
				CLANG_WARN_DIRECT_OBJC_ISA_USAGE = YES_ERROR;
				CLANG_WARN_DOCUMENTATION_COMMENTS = YES;
				CLANG_WARN_EMPTY_BODY = YES;
				CLANG_WARN_ENUM_CONVERSION = YES;
				CLANG_WARN_INFINITE_RECURSION = YES;
				CLANG_WARN_INT_CONVERSION = YES;
				CLANG_WARN_NON_LITERAL_NULL_CONVERSION = YES;
				CLANG_WARN_OBJC_IMPLICIT_RETAIN_SELF = YES;
				CLANG_WARN_OBJC_LITERAL_CONVERSION = YES;
				CLANG_WARN_OBJC_ROOT_CLASS = YES_ERROR;
				CLANG_WARN_QUOTED_INCLUDE_IN_FRAMEWORK_HEADER = YES;
				CLANG_WARN_RANGE_LOOP_ANALYSIS = YES;
				CLANG_WARN_STRICT_PROTOTYPES = YES;
				CLANG_WARN_SUSPICIOUS_MOVE = YES;
				CLANG_WARN_UNGUARDED_AVAILABILITY = YES_AGGRESSIVE;
				CLANG_WARN_UNREACHABLE_CODE = YES;
				CLANG_WARN__DUPLICATE_METHOD_MATCH = YES;
				COPY_PHASE_STRIP = NO;
				DEBUG_INFORMATION_FORMAT = "dwarf-with-dsym";
				ENABLE_NS_ASSERTIONS = NO;
				ENABLE_STRICT_OBJC_MSGSEND = YES;
				GCC_C_LANGUAGE_STANDARD = gnu11;
				GCC_NO_COMMON_BLOCKS = YES;
				GCC_WARN_64_TO_32_BIT_CONVERSION = YES;
				GCC_WARN_ABOUT_RETURN_TYPE = YES_ERROR;
				GCC_WARN_UNDECLARED_SELECTOR = YES;
				GCC_WARN_UNINITIALIZED_AUTOS = YES_AGGRESSIVE;
				GCC_WARN_UNUSED_FUNCTION = YES;
				GCC_WARN_UNUSED_VARIABLE = YES;
				IPHONEOS_DEPLOYMENT_TARGET = 13.0;
				MTL_ENABLE_DEBUG_INFO = NO;
				MTL_FAST_MATH = YES;
				SDKROOT = iphoneos;
				SWIFT_COMPILATION_MODE = wholemodule;
				SWIFT_OPTIMIZATION_LEVEL = "-O";
				VALIDATE_PRODUCT = YES;
			};
			name = Release;
		};
		77A67F9525F0DC83005CB877 /* Debug */ = {
			isa = XCBuildConfiguration;
			buildSettings = {
				ASSETCATALOG_COMPILER_APPICON_NAME = AppIcon;
				ASSETCATALOG_COMPILER_GLOBAL_ACCENT_COLOR_NAME = AccentColor;
				CODE_SIGN_STYLE = Automatic;
				DEVELOPMENT_ASSET_PATHS = "\"MoveToMovies/Preview Content\"";
				DEVELOPMENT_TEAM = 5L7VM52GRP;
				ENABLE_PREVIEWS = YES;
				INFOPLIST_FILE = MoveToMovies/AccompanyingCode/Info.plist;
				IPHONEOS_DEPLOYMENT_TARGET = 14.1;
				LD_RUNPATH_SEARCH_PATHS = (
					"$(inherited)",
					"@executable_path/Frameworks",
				);
				PRODUCT_BUNDLE_IDENTIFIER = tech.vegowoo.MoveToMovies;
				PRODUCT_NAME = "$(TARGET_NAME)";
				SWIFT_VERSION = 5.0;
				TARGETED_DEVICE_FAMILY = "1,2";
			};
			name = Debug;
		};
		77A67F9625F0DC83005CB877 /* Release */ = {
			isa = XCBuildConfiguration;
			buildSettings = {
				ASSETCATALOG_COMPILER_APPICON_NAME = AppIcon;
				ASSETCATALOG_COMPILER_GLOBAL_ACCENT_COLOR_NAME = AccentColor;
				CODE_SIGN_STYLE = Automatic;
				DEVELOPMENT_ASSET_PATHS = "\"MoveToMovies/Preview Content\"";
				DEVELOPMENT_TEAM = 5L7VM52GRP;
				ENABLE_PREVIEWS = YES;
				INFOPLIST_FILE = MoveToMovies/AccompanyingCode/Info.plist;
				IPHONEOS_DEPLOYMENT_TARGET = 14.1;
				LD_RUNPATH_SEARCH_PATHS = (
					"$(inherited)",
					"@executable_path/Frameworks",
				);
				PRODUCT_BUNDLE_IDENTIFIER = tech.vegowoo.MoveToMovies;
				PRODUCT_NAME = "$(TARGET_NAME)";
				SWIFT_VERSION = 5.0;
				TARGETED_DEVICE_FAMILY = "1,2";
			};
			name = Release;
		};
/* End XCBuildConfiguration section */

/* Begin XCConfigurationList section */
		77A67F8025F0DC82005CB877 /* Build configuration list for PBXProject "MoveToMovies" */ = {
			isa = XCConfigurationList;
			buildConfigurations = (
				77A67F9225F0DC83005CB877 /* Debug */,
				77A67F9325F0DC83005CB877 /* Release */,
			);
			defaultConfigurationIsVisible = 0;
			defaultConfigurationName = Release;
		};
		77A67F9425F0DC83005CB877 /* Build configuration list for PBXNativeTarget "MoveToMovies" */ = {
			isa = XCConfigurationList;
			buildConfigurations = (
				77A67F9525F0DC83005CB877 /* Debug */,
				77A67F9625F0DC83005CB877 /* Release */,
			);
			defaultConfigurationIsVisible = 0;
			defaultConfigurationName = Release;
		};
/* End XCConfigurationList section */

/* Begin XCSwiftPackageProductDependency section */
		772080472606309200B7A422 /* OmdbAPI */ = {
			isa = XCSwiftPackageProductDependency;
			productName = OmdbAPI;
		};
		772080492606309600B7A422 /* TmdbAPI */ = {
			isa = XCSwiftPackageProductDependency;
			productName = TmdbAPI;
		};
		7720804B2606309900B7A422 /* UIControls */ = {
			isa = XCSwiftPackageProductDependency;
			productName = UIControls;
		};
		7767682826205B5E000962B4 /* Architecture */ = {
			isa = XCSwiftPackageProductDependency;
			productName = Architecture;
		};
		77DD2CAB2614E03A000455F4 /* Networking */ = {
			isa = XCSwiftPackageProductDependency;
			productName = Networking;
		};
		77F8BADD260F9B5200D85E4A /* Navigation */ = {
			isa = XCSwiftPackageProductDependency;
			productName = Navigation;
		};
/* End XCSwiftPackageProductDependency section */

/* Begin XCVersionGroup section */
		778875A825FE545400B317B1 /* MoveToMoviesModel.xcdatamodeld */ = {
			isa = XCVersionGroup;
			children = (
				778875D525FFD22200B317B1 /* MoveToMoviesModel 3.xcdatamodel */,
				778875D425FFD21800B317B1 /* MoveToMoviesModel 2.xcdatamodel */,
				778875A925FE545400B317B1 /* MoveToMoviesModel.xcdatamodel */,
			);
			currentVersion = 778875D525FFD22200B317B1 /* MoveToMoviesModel 3.xcdatamodel */;
			path = MoveToMoviesModel.xcdatamodeld;
			sourceTree = "<group>";
			versionGroupType = wrapper.xcdatamodel;
		};
/* End XCVersionGroup section */
	};
	rootObject = 77A67F7D25F0DC82005CB877 /* Project object */;
}
